cloud.google.com/go/longrunning v0.6.1 h1:lOLTFxYpr8hcRtcwWir5ITh1PAKUD/sG2lKrTSYjyMc=
cloud.google.com/go/longrunning v0.6.1/go.mod h1:nHISoOZpBcmlwbJmiVk5oDRz0qG/ZxPynEGs1iZ79s0=
cloud.google.com/go/serviceusage v1.9.1 h1:vm8LfYTGh69ApgUYj/Mtpw/PTso+l5hfu7vS+ey1eOE=
cloud.google.com/go/serviceusage v1.9.1/go.mod h1:Y4zz7UCrgriikHOdm/Bgy4HCZQorm9OuBVNnciWndf8=
github.com/google/go-cmp v0.6.0 h1:ofyhxvXcZhMsU5ulbFiLKl/XBFqE1GSq7atu8tAmTRI=
github.com/google/go-cmp v0.6.0/go.mod h1:17dUlkBOakJ0+DkrSSNjCkIjxS6bF9zb3elmeNGIjoY=
golang.org/x/net v0.29.0 h1:5ORfpBpCs4HzDYoodCDBbwHzdR5UrLBZ3sOnUJmFoHo=
golang.org/x/net v0.29.0/go.mod h1:gLkgy8jTGERgjzMic6DS9+SP0ajcu6Xu3Orq/SpETg0=
golang.org/x/sys v0.25.0 h1:r+8e+loiHxRqhXVl6ML1nO3l1+oFoWbnlu2Ehimmi34=
golang.org/x/sys v0.25.0/go.mod h1:/VUhepiaJMQUp4+oa/7Zr1D23ma6VTLIYjOOTFZPUcA=
golang.org/x/text v0.18.0 h1:XvMDiNzPAl0jr17s6W9lcaIhGUfUORdGCNsuLmPG224=
golang.org/x/text v0.18.0/go.mod h1:BuEKDfySbSR4drPmRPG/7iBdf8hvFMuRexcpahXilzY=
google.golang.org/genproto v0.0.0-20240924160255-9d4c2d233b61 h1:KipVMxePgXPFBzXOvpKbny3RVdVmJOD64R/Ob7GPWEs=
google.golang.org/genproto v0.0.0-20240924160255-9d4c2d233b61/go.mod h1:HiAZQz/G7n0EywFjmncAwsfnmFm2bjm7qPjwl8hyzjM=
google.golang.org/genproto/googleapis/api v0.0.0-20240924160255-9d4c2d233b61 h1:pAjq8XSSzXoP9ya73v/w+9QEAAJNluLrpmMq5qFJQNY=
google.golang.org/genproto/googleapis/api v0.0.0-20240924160255-9d4c2d233b61/go.mod h1:O6rP0uBq4k0mdi/b4ZEMAZjkhYWhS815kCvaMha4VN8=
google.golang.org/genproto/googleapis/rpc v0.0.0-20240903143218-8af14fe29dc1 h1:pPJltXNxVzT4pK9yD8vR9X75DaWYYmLGMsEvBfFQZzQ=
google.golang.org/genproto/googleapis/rpc v0.0.0-20240903143218-8af14fe29dc1/go.mod h1:UqMtugtsSgubUsoxbuAoiCXvqvErP7Gf0so0mK9tHxU=
google.golang.org/grpc v1.67.0 h1:IdH9y6PF5MPSdAntIcpjQ+tXO41pcQsfZV2RxtQgVcw=
google.golang.org/grpc v1.67.0/go.mod h1:1gLDyUQU7CTLJI90u3nXZ9ekeghjeM7pTDZlqFNg2AA=
google.golang.org/protobuf v1.34.2 h1:6xV6lTsCfpGD21XK49h7MhtcApnLqkfYgPcdHftf6hg=
google.golang.org/protobuf v1.34.2/go.mod h1:qYOHts0dSfpeUzUFpOMr/WGzszTmLH+DiWniOlNbLDw=
