cloud.google.com/go/longrunning v0.5.9 h1:haH9pAuXdPAMqHvzX0zlWQigXT7B0+CL4/2nXXdBo5k=
cloud.google.com/go/longrunning v0.5.9/go.mod h1:HD+0l9/OOW0za6UWdKJtXoFAX/BGg/3Wj8p10NeWF7c=
cloud.google.com/go/serviceusage v1.8.9 h1:tBA3Yw/0Y6v9ZIvOtT0FlSncnD79+TbzMsszeCbs/d0=
cloud.google.com/go/serviceusage v1.8.9/go.mod h1:w48m20qFSSbb3+TgkhiS8V8HpCzsAdPPjqM3idqp3tw=
github.com/google/go-cmp v0.6.0 h1:ofyhxvXcZhMsU5ulbFiLKl/XBFqE1GSq7atu8tAmTRI=
golang.org/x/net v0.27.0 h1:5K3Njcw06/l2y9vpGCSdcxWOYHOUk3dVNGDXN+FvAys=
golang.org/x/net v0.27.0/go.mod h1:dDi0PyhWNoiUOrAS8uXv/vnScO4wnHQO4mj9fn/RytE=
golang.org/x/sys v0.22.0 h1:RI27ohtqKCnwULzJLqkv897zojh5/DwS/ENaMzUOaWI=
golang.org/x/sys v0.22.0/go.mod h1:/VUhepiaJMQUp4+oa/7Zr1D23ma6VTLIYjOOTFZPUcA=
golang.org/x/text v0.16.0 h1:a94ExnEXNtEwYLGJSIUxnWoxoRz/ZcCsV63ROupILh4=
golang.org/x/text v0.16.0/go.mod h1:GhwF1Be+LQoKShO3cGOHzqOgRrGaYc9AvblQOmPVHnI=
google.golang.org/genproto v0.0.0-20240722135656-d784300faade h1:lKFsS7wpngDgSCeFn7MoLy+wBDQZ1UQIJD4UNM1Qvkg=
google.golang.org/genproto v0.0.0-20240722135656-d784300faade/go.mod h1:FfBgJBJg9GcpPvKIuHSZ/aE1g2ecGL74upMzGZjiGEY=
google.golang.org/genproto/googleapis/api v0.0.0-20240722135656-d784300faade h1:WxZOF2yayUHpHSbUE6NMzumUzBxYc3YGwo0YHnbzsJY=
google.golang.org/genproto/googleapis/api v0.0.0-20240722135656-d784300faade/go.mod h1:mw8MG/Qz5wfgYr6VqVCiZcHe/GJEfI+oGGDCohaVgB0=
google.golang.org/genproto/googleapis/rpc v0.0.0-20240708141625-4ad9e859172b h1:04+jVzTs2XBnOZcPsLnmrTGqltqJbZQ1Ey26hjYdQQ0=
google.golang.org/genproto/googleapis/rpc v0.0.0-20240708141625-4ad9e859172b/go.mod h1:Ue6ibwXGpU+dqIcODieyLOcgj7z8+IcskoNIgZxtrFY=
google.golang.org/grpc v1.64.1 h1:LKtvyfbX3UGVPFcGqJ9ItpVWW6oN/2XqTxfAnwRRXiA=
google.golang.org/grpc v1.64.1/go.mod h1:hiQF4LFZelK2WKaP6W0L92zGHtiQdZxk8CrSdvyjeP0=
google.golang.org/protobuf v1.34.2 h1:6xV6lTsCfpGD21XK49h7MhtcApnLqkfYgPcdHftf6hg=
google.golang.org/protobuf v1.34.2/go.mod h1:qYOHts0dSfpeUzUFpOMr/WGzszTmLH+DiWniOlNbLDw=
