cloud.google.com/go/accessapproval v1.8.7 h1:Sc9ZjxFBEM/PoAxNlUwVGDcv8DYyjLYWDxHlzPG0q5I=
cloud.google.com/go/accessapproval v1.8.7/go.mod h1:BFvZOW4GJjJnl6aA/YDEg0TGViFHyusa/bMdcVFmh8A=
cloud.google.com/go/accesscontextmanager v1.9.6 h1:2LnncRqfYB8NEdh9+FeYxAt9POTW/0zVboktnRlO11w=
cloud.google.com/go/accesscontextmanager v1.9.6/go.mod h1:884XHwy1AQpCX5Cj2VqYse77gfLaq9f8emE2bYriilk=
cloud.google.com/go/aiplatform v1.103.0 h1:1Y0mlsxh8STlIImjdZeeXg8Rrf5FDLRY0AOQBy3AUi8=
cloud.google.com/go/aiplatform v1.103.0/go.mod h1:4rwKOMdubQOND81AlO3EckcskvEFCYSzXKfn42GMm8k=
cloud.google.com/go/analytics v0.30.0 h1:9PvoT9SvNIHRqTZye7+WudvO2vr4PiZ9mLhiOtEE7Eo=
cloud.google.com/go/analytics v0.30.0/go.mod h1:dneJtsGmmK6EkEPg59vRlncKFWt3xzmKNOc9aKXCTrI=
cloud.google.com/go/apigateway v1.7.7 h1:ehKUTy+QFsb3n07fEi18S2dpDDjCV4UlRyrbwfZV3Zk=
cloud.google.com/go/apigateway v1.7.7/go.mod h1:j1bCmrUK1BzVHpiIyTApxB7cRyhivKzltqLmp6j6i7U=
cloud.google.com/go/apigeeconnect v1.7.7 h1:S6s2zojwMymx0fyZYKm0eK1TdDxrriIBAlNVvRAOzug=
cloud.google.com/go/apigeeconnect v1.7.7/go.mod h1:ftGK3nca0JePiVLl0A6alaMjKdOc5C+sAkFMyH2RH8U=
cloud.google.com/go/apigeeregistry v0.9.6 h1:TgdjAoGoRY81DEc2LYsYvi/OqCFImMzAk/TVKiSRsQw=
cloud.google.com/go/apigeeregistry v0.9.6/go.mod h1:AFEepJBKPtGDfgabG2HWaLH453VVWWFFs3P4W00jbPs=
cloud.google.com/go/appengine v1.9.7 h1:IxGz6j5xv0nTJX285wu95Vn6KEi2CeV9vbyRgCSEAoU=
cloud.google.com/go/appengine v1.9.7/go.mod h1:y1XpGVeAhbsNzHida79cHbr3pFRsym0ob8xnC8yphbo=
cloud.google.com/go/area120 v0.9.7 h1:BbpzLwaIXVPorrrzTH+ni7P5mLemmPPfSZ7o39k7zQc=
cloud.google.com/go/area120 v0.9.7/go.mod h1:5nJ0yksmjOMfc4Zpk+okWfJ3A1004FvB82rfia+ZLaY=
cloud.google.com/go/artifactregistry v1.17.1 h1:A20kj2S2HO9vlyBVyVFHPxArjxkXvLP5LjcdE7NhaPc=
cloud.google.com/go/artifactregistry v1.17.1/go.mod h1:06gLv5QwQPWtaudI2fWO37gfwwRUHwxm3gA8Fe568Hc=
cloud.google.com/go/asset v1.21.1 h1:i55wWC/EwVdHMyJgRfbLp/L6ez4nQuOpZwSxkuqN9ek=
cloud.google.com/go/asset v1.21.1/go.mod h1:7AzY1GCC+s1O73yzLM1IpHFLHz3ws2OigmCpOQHwebk=
cloud.google.com/go/assuredworkloads v1.12.6 h1:ip/shfJYx6lrHBWYADjrrrubcm7uZzy50TTF5tPG7ek=
cloud.google.com/go/assuredworkloads v1.12.6/go.mod h1:QyZHd7nH08fmZ+G4ElihV1zoZ7H0FQCpgS0YWtwjCKo=
cloud.google.com/go/automl v1.14.7 h1:ZLj48Ur2Qcso4M3bgOtjsOmeV5Ee92N14wuOc8OW+L0=
cloud.google.com/go/automl v1.14.7/go.mod h1:8a4XbIH5pdvrReOU72oB+H3pOw2JBxo9XTk39oljObE=
cloud.google.com/go/baremetalsolution v1.3.6 h1:9bdGlpY1LgLONQjFsDwrkjLzdPTlROpfU+GhA97YpOk=
cloud.google.com/go/baremetalsolution v1.3.6/go.mod h1:7/CS0LzpLccRGO0HL3q2Rofxas2JwjREKut414sE9iM=
cloud.google.com/go/batch v1.12.2 h1:gWQdvdPplptpvrkqF6ibtxZkOsYKLTFbxYawHa/TvCg=
cloud.google.com/go/batch v1.12.2/go.mod h1:tbnuTN/Iw59/n1yjAYKV2aZUjvMM2VJqAgvUgft6UEU=
cloud.google.com/go/beyondcorp v1.1.6 h1:4FcR+4QmcNGkhVij6TrYS4AQVNLBo7PBXKxNrKzpclQ=
cloud.google.com/go/beyondcorp v1.1.6/go.mod h1:V1PigSWPGh5L/vRRmyutfnjAbkxLI2aWqJDdxKbwvsQ=
cloud.google.com/go/bigquery v1.71.0 h1:NvSZvXU1Hyb+YiRVKQPuQXGeZaw/0NP6M/WOrBqSx3g=
cloud.google.com/go/bigquery v1.71.0/go.mod h1:GUbRtmeCckOE85endLherHD9RsujY+gS7i++c1CqssQ=
cloud.google.com/go/bigtable v1.40.1 h1:k8HfpUOvn7sQwc6oNKqjvD/yjkwynf4qBuyKwh5cU08=
cloud.google.com/go/bigtable v1.40.1/go.mod h1:LtPzCcrAFaGRZ82Hs8xMueUeYW9Jw12AmNdUTMfDnh4=
cloud.google.com/go/billing v1.20.4 h1:pqM5/c9UGydB9H90IPCxSvfCNLUPazAOSMsZkz5q5P4=
cloud.google.com/go/billing v1.20.4/go.mod h1:hBm7iUmGKGCnBm6Wp439YgEdt+OnefEq/Ib9SlJYxIU=
cloud.google.com/go/binaryauthorization v1.9.5 h1:T0zYEroXT+y0O/x/yZd5SwQdFv4UbUINjvJyJKzDm0Q=
cloud.google.com/go/binaryauthorization v1.9.5/go.mod h1:CV5GkS2eiY461Bzv+OH3r5/AsuB6zny+MruRju3ccB8=
cloud.google.com/go/certificatemanager v1.9.5 h1:+ZPglfDurCcsv4azizDFpBucD1IkRjWjbnU7zceyjfY=
cloud.google.com/go/certificatemanager v1.9.5/go.mod h1:kn7gxT/80oVGhjL8rurMUYD36AOimgtzSBPadtAeffs=
cloud.google.com/go/channel v1.20.0 h1:EeUa6SnD3+EL9B06G6N9Ud5/p/NtT6PC7lv5kmaUiHs=
cloud.google.com/go/channel v1.20.0/go.mod h1:nBR1Lz+/1TjSA16HTllvW9Y+QULODj3o3jEKrNNeOp4=
cloud.google.com/go/cloudbuild v1.23.0 h1:ycLO1q8CdpDqWKpcqlcP+RMbkUguXqwvO//Q0vC1/jE=
cloud.google.com/go/cloudbuild v1.23.0/go.mod h1:BkxnZUIHUHkl+oNpEbwc7n9id4pZRDQRVKIa6sDCuJI=
cloud.google.com/go/clouddms v1.8.8 h1:YWsmRXTyK6Ba0hm4qTBak5g1oLhryuM8rSBxHWC8iq4=
cloud.google.com/go/clouddms v1.8.8/go.mod h1:QtCyw+a73dlkDb2q20aTAPvfaTZCepDDi6Gb1AKq0a4=
cloud.google.com/go/cloudtasks v1.13.7 h1:H2v8GEolNtMFfYzUpZBaZbydqU7drpyo99GtAgA+m4I=
cloud.google.com/go/cloudtasks v1.13.7/go.mod h1:H0TThOUG+Ml34e2+ZtW6k6nt4i9KuH3nYAJ5mxh7OM4=
cloud.google.com/go/compute v1.48.0 h1:/Mx0l7qFnJTxq9kXGU9TcLOsjjmyGANc23ed8LB3ZnA=
cloud.google.com/go/compute v1.48.0/go.mod h1:1uoZvP8Avyfhe3Y4he7sMOR16ZiAm2Q+Rc2P5rrJM28=
cloud.google.com/go/contactcenterinsights v1.17.4 h1:wA4j99BhsoeYlLx6xEIqrNN1aOTtUme0wimHZegg80s=
cloud.google.com/go/contactcenterinsights v1.17.4/go.mod h1:kZe6yOnKDfpPz2GphDHynxk/Spx+53UX/pGf+SmWAKM=
cloud.google.com/go/container v1.44.0 h1:JEHeW535svvNwJrjrlQ/cdjd15LCWrPKnHsulrufd3A=
cloud.google.com/go/container v1.44.0/go.mod h1:tVK2o4UZUTkg9WpBcgj4qRzwGA1dSFdWA3mil3YkLIQ=
cloud.google.com/go/containeranalysis v0.14.1 h1:1SoHlNqL3XrhqcoozB+3eoHif2sRUFtp/JeASQTtGKo=
cloud.google.com/go/containeranalysis v0.14.1/go.mod h1:28e+tlZgauWGHmEbnI5UfIsjMmrkoR1tFN0K2i71jBI=
cloud.google.com/go/datacatalog v1.26.1 h1:bCRKA8uSQN8wGW3Tw0gwko4E9a64GRmbW1nCblhgC2k=
cloud.google.com/go/datacatalog v1.26.1/go.mod h1:2Qcq8vsHNxMDgjgadRFmFG47Y+uuIVsyEGUrlrKEdrg=
cloud.google.com/go/dataflow v0.11.0 h1:AdhB4cAkMOC9NtrHJxpKOVvO/VqBLaIyk0tEEhbGjYM=
cloud.google.com/go/dataflow v0.11.0/go.mod h1:gNHC9fUjlV9miu0hd4oQaXibIuVYTQvZhMdPievKsPk=
cloud.google.com/go/dataform v0.12.1 h1:yf6Up6m1FUt+YB5CBgNtIZfz2OzjuNBdzZWV3SLSVNE=
cloud.google.com/go/dataform v0.12.1/go.mod h1:atGS8ReRjfNDUQib0X/o/7Gi2bqHI2G7/J86LKiGimE=
cloud.google.com/go/datafusion v1.8.7 h1:tLCV+xYuOrSjdrRTkc9Cqsb5mBSQEsNfFmuTNYl5/rA=
cloud.google.com/go/datafusion v1.8.7/go.mod h1:4dkFb1la41qCEXh1AzYtFwl842bu2ikTUXyKhjvFCb0=
cloud.google.com/go/datalabeling v0.9.7 h1:wwoct7mw38s75XvEmLoItQ2TY0RFsGiRDb0iNbXUcX4=
cloud.google.com/go/datalabeling v0.9.7/go.mod h1:EEUVn+wNn3jl19P2S13FqE1s9LsKzRsPuuMRq2CMsOk=
cloud.google.com/go/dataplex v1.27.1 h1:renSEYTQZMQ3ag7lM0BDmSj4FWqaTGW60YQ/lvAE5iA=
cloud.google.com/go/dataplex v1.27.1/go.mod h1:VB+xlYJiJ5kreonXsa2cHPj0A3CfPh/mgiHG4JFhbUA=
cloud.google.com/go/dataproc/v2 v2.14.1 h1:Kxq0iomU0H4MlVP4HYeYPNJnV+YxNctf/hFrprmGy5Y=
cloud.google.com/go/dataproc/v2 v2.14.1/go.mod h1:tSdkodShfzrrUNPDVEL6MdH9/mIEvp/Z9s9PBdbsZg8=
cloud.google.com/go/dataqna v0.9.7 h1:qTRAG/E3T63Xj1orefRlwupfwH9c9ERUAnWSRGp75so=
cloud.google.com/go/dataqna v0.9.7/go.mod h1:4ac3r7zm7Wqm8NAc8sDIDM0v7Dz7d1e/1Ka1yMFanUM=
cloud.google.com/go/datastore v1.20.0 h1:NNpXoyEqIJmZFc0ACcwBEaXnmscUpcG4NkKnbCePmiM=
cloud.google.com/go/datastore v1.20.0/go.mod h1:uFo3e+aEpRfHgtp5pp0+6M0o147KoPaYNaPAKpfh8Ew=
cloud.google.com/go/datastream v1.15.1 h1:7PKeDpksi8nbOR4gspmNokzsr0q/uRzDIt20bR3BtRs=
cloud.google.com/go/datastream v1.15.1/go.mod h1:aV1Grr9LFon0YvqryE5/gF1XAhcau2uxN2OvQJPpqRw=
cloud.google.com/go/deploy v1.27.3 h1:QU8gLXsXDRqLyEWNrI6zJiVzuuOBX/WpMi4p0oexV+c=
cloud.google.com/go/deploy v1.27.3/go.mod h1:7LFIYYTSSdljYRqY3n+JSmIFdD4lv6aMD5xg0crB5iw=
cloud.google.com/go/dialogflow v1.69.1 h1:R69CCEgx9RMHWjS2eP7aw5sE1Ajo5buQTzTdBe2o13w=
cloud.google.com/go/dialogflow v1.69.1/go.mod h1:mP4XrpgDvPYBP+cdLxFC1WJJlkwuy0H8L1Lada9No/M=
cloud.google.com/go/dlp v1.25.0 h1:283+PJFk72SIj3apDTT/cHnKPBtuBUnduLBpbz1diFw=
cloud.google.com/go/dlp v1.25.0/go.mod h1:PY4DMzV7lqRC5JvpxL05fXNeL8dknxYpFp4WjxmE22M=
cloud.google.com/go/documentai v1.38.1 h1:6uWDoi/wAT8D9belR9Q1n2fFtY6YJ+/3aj6rR9mAlbY=
cloud.google.com/go/documentai v1.38.1/go.mod h1:KmlLO93F7GRU8dENXRxvt+7V8o7eCG6Y6WDitKbcYJs=
cloud.google.com/go/domains v0.10.7 h1:G3kUq0vKBMhyOj5GqAfEYbVuez05U+ENHZUAtrEp/pI=
cloud.google.com/go/domains v0.10.7/go.mod h1:T3WG/QUAO/52z4tUPooKS8AY7yXaFxPYn1V3F0/JbNQ=
cloud.google.com/go/edgecontainer v1.4.4 h1:6KTQo6Qf0iEtfPVotlG7orazEO1I93Ham0PMlkHYpdQ=
cloud.google.com/go/edgecontainer v1.4.4/go.mod h1:yyNVHsCKtsX/0mqFdbljQw0Uo660q2dlMPaiqYiC2Tg=
cloud.google.com/go/errorreporting v0.3.2 h1:isaoPwWX8kbAOea4qahcmttoS79+gQhvKsfg5L5AgH8=
cloud.google.com/go/errorreporting v0.3.2/go.mod h1:s5kjs5r3l6A8UUyIsgvAhGq6tkqyBCUss0FRpsoVTww=
cloud.google.com/go/essentialcontacts v1.7.7 h1:v9sO4IHFuwplaOuDnEXZFtfOrjw2bi11TSIVp5PnAU4=
cloud.google.com/go/essentialcontacts v1.7.7/go.mod h1:ytycWAEn/aKUMRKQPMVgMrAtphEMgjbzL8vFwM3tqXs=
cloud.google.com/go/eventarc v1.16.1 h1:1wIofFPViIgTABbIryIkx6uXJ0ima8UE2xIyo0nBesE=
cloud.google.com/go/eventarc v1.16.1/go.mod h1:wB3NTIQ+l4QPirJiTMeU+YpSc5+iyoDYWV4n2/Vmh78=
cloud.google.com/go/filestore v1.10.3 h1:3KZifUVTqGhNNv6MLeONYth1HjlVM4vDhaH+xrdPljU=
cloud.google.com/go/filestore v1.10.3/go.mod h1:94ZGyLTx9j+aWKozPQ6Wbq1DuImie/L/HIdGMshtwac=
cloud.google.com/go/firestore v1.18.0 h1:cuydCaLS7Vl2SatAeivXyhbhDEIR8BDmtn4egDhIn2s=
cloud.google.com/go/firestore v1.18.0/go.mod h1:5ye0v48PhseZBdcl0qbl3uttu7FIEwEYVaWm0UIEOEU=
cloud.google.com/go/functions v1.19.7 h1:7LcOD18euIVGRUPaeCmgO6vfWSLNIsi6STWRQcdANG8=
cloud.google.com/go/functions v1.19.7/go.mod h1:xbcKfS7GoIcaXr2FSwmtn9NXal1JR4TV6iYZlgXffwA=
cloud.google.com/go/gkebackup v1.8.1 h1:gUgI3lZJYALZsHXE7YJOKI8bMpoAX/tF6jnNugvzT1g=
cloud.google.com/go/gkebackup v1.8.1/go.mod h1:GAaAl+O5D9uISH5MnClUop2esQW4pDa2qe/95A4l7YQ=
cloud.google.com/go/gkeconnect v0.12.5 h1:EFql3zRaFw74yATt5lf+mcPDqPZ4EeLvoIJ+0NaEkag=
cloud.google.com/go/gkeconnect v0.12.5/go.mod h1:wMD2RXcsAWlkREZWJDVeDV70PYka1iEb9stFmgpw+5o=
cloud.google.com/go/gkehub v0.16.0 h1:Jk5pAXG54FlQzTRXhuKyym/NzOgS8oWRs0XNatZYDf4=
cloud.google.com/go/gkehub v0.16.0/go.mod h1:ADp27Ucor8v81wY+x/5pOxTorxkPj/xswH3AUpN62GU=
cloud.google.com/go/gkemulticloud v1.5.4 h1:AKuOmr5QBCPLJCyZhBABP3lIz+h3jxAy53LVMrEuvlg=
cloud.google.com/go/gkemulticloud v1.5.4/go.mod h1:7l9+6Tp4jySSGj4PStO8CE6RrHFdcRARK4ScReHX1bU=
cloud.google.com/go/gsuiteaddons v1.7.8 h1:Dayrv57XW8kZIvmQjAc89Tp7Kr3O9Am/hf6pXkTjYFY=
cloud.google.com/go/gsuiteaddons v1.7.8/go.mod h1:DBKNHH4YXAdd/rd6zVvtOGAJNGo0ekOh+nIjTUDEJ5U=
cloud.google.com/go/iam v1.5.2 h1:qgFRAGEmd8z6dJ/qyEchAuL9jpswyODjA2lS+w234g8=
cloud.google.com/go/iam v1.5.2/go.mod h1:SE1vg0N81zQqLzQEwxL2WI6yhetBdbNQuTvIKCSkUHE=
cloud.google.com/go/iap v1.11.3 h1:Nheb77nO0/pECm/thoE3wHVAbkQSI+G8KBWviqBepiA=
cloud.google.com/go/iap v1.11.3/go.mod h1:+gXO0ClH62k2LVlfhHzrpiHQNyINlEVmGAE3+DB4ShU=
cloud.google.com/go/ids v1.5.7 h1:V0pSk+KKW+5/AVpeQMhM9D1VI7aMZkayj5jddNETJos=
cloud.google.com/go/ids v1.5.7/go.mod h1:N3ZQOIgIBwwOu2tzyhmh3JDT+kt8PcoKkn2BRT9Qe4A=
cloud.google.com/go/iot v1.8.7 h1:PDUtxCzlFwFHODEFAgaGJy/Zv4tdvLbZ+lvZ1mKQXE4=
cloud.google.com/go/iot v1.8.7/go.mod h1:HvVcypV8LPv1yTXSLCNK+YCtqGHhq+p0F3BXETfpN+U=
cloud.google.com/go/kms v1.23.0 h1:WaqAZsUptyHwOo9II8rFC1Kd2I+yvNsNP2IJ14H2sUw=
cloud.google.com/go/kms v1.23.0/go.mod h1:rZ5kK0I7Kn9W4erhYVoIRPtpizjunlrfU4fUkumUp8g=
cloud.google.com/go/language v1.14.5 h1:BVJ/POtlnJ55LElvnQY19UOxpMVtHoHHkFJW2uHJsVU=
cloud.google.com/go/language v1.14.5/go.mod h1:nl2cyAVjcBct1Hk73tzxuKebk0t2eULFCaruhetdZIA=
cloud.google.com/go/lifesciences v0.10.7 h1:MO5aBahcYv7JeuCpHbg/11h7KL/BYt1+PpgHhleLDbI=
cloud.google.com/go/lifesciences v0.10.7/go.mod h1:v3AbTki9iWttEls/Wf4ag3EqeLRHofploOcpsLnu7iY=
cloud.google.com/go/logging v1.13.0 h1:7j0HgAp0B94o1YRDqiqm26w4q1rDMH7XNRU34lJXHYc=
cloud.google.com/go/logging v1.13.0/go.mod h1:36CoKh6KA/M0PbhPKMq6/qety2DCAErbhXT62TuXALA=
cloud.google.com/go/longrunning v0.6.7 h1:IGtfDWHhQCgCjwQjV9iiLnUta9LBCo8R9QmAFsS/PrE=
cloud.google.com/go/longrunning v0.6.7/go.mod h1:EAFV3IZAKmM56TyiE6VAP3VoTzhZzySwI/YI1s/nRsY=
cloud.google.com/go/managedidentities v1.7.7 h1:vC/q7D+97PZfb0UNf7r/+/clHauuaf1PqWwP7neuaeg=
cloud.google.com/go/managedidentities v1.7.7/go.mod h1:nwNlMxtBo2YJMvsKXRtAD1bL41qiCI9npS7cbqrsJUs=
cloud.google.com/go/maps v1.23.0 h1:NGQM1vBXHZ7SgrlJ5q+KEoSw1B9pgYiFTNfuPa+2wOQ=
cloud.google.com/go/maps v1.23.0/go.mod h1:8tjxLplMV7FEoR9FIwqoY7siDnaOdE7FBWnjaXK/xts=
cloud.google.com/go/mediatranslation v0.9.7 h1:JXbjms+JxgaWkj/YuaQm1OeCzuF+IZCDV17uUcZgFOU=
cloud.google.com/go/mediatranslation v0.9.7/go.mod h1:mz3v6PR7+Fd/1bYrRxNFGnd+p4wqdc/fyutqC5QHctw=
cloud.google.com/go/memcache v1.11.7 h1:ZDIfIMZsKKPzwdbvTMOL1il0shX24J7B9DC+sEt4Yj4=
cloud.google.com/go/memcache v1.11.7/go.mod h1:AU1jYlUqCihxapcJ1GGMtlMWDVhzjbfUWBXqsXa4rBg=
cloud.google.com/go/metastore v1.14.8 h1:nfyUDD9AeKIs6btY5buQ1No0OVco20WpX9wIruL8UOA=
cloud.google.com/go/metastore v1.14.8/go.mod h1:h1XI2LpD4ohJhQYn9TwXqKb5sVt6KSo47ft96SiFF1s=
cloud.google.com/go/monitoring v1.24.2 h1:5OTsoJ1dXYIiMiuL+sYscLc9BumrL3CarVLL7dd7lHM=
cloud.google.com/go/monitoring v1.24.2/go.mod h1:x7yzPWcgDRnPEv3sI+jJGBkwl5qINf+6qY4eq0I9B4U=
cloud.google.com/go/networkconnectivity v1.19.1 h1:n0IzhdgSNzIKQygWwDV8yKRXkZpX3FsjCYFbO9iNHPU=
cloud.google.com/go/networkconnectivity v1.19.1/go.mod h1:Q5v6uNNNz8BP232uuXM66XgWML9m379xhwv58Y+8Kb0=
cloud.google.com/go/networkmanagement v1.20.1 h1:W5zdnH332yJFADTXlsHWLVkiXLKGWHjrsg7vXLGd+Ws=
cloud.google.com/go/networkmanagement v1.20.1/go.mod h1:clG/5Yt0wQ57qSH6Yh7oehQYlobHw3F6nb3Pn4ig5hU=
cloud.google.com/go/networksecurity v0.10.7 h1:J5gdG7mHdRLrsyM7yy4nKFgbN8+geaOo/4Zpeh4DWrg=
cloud.google.com/go/networksecurity v0.10.7/go.mod h1:FgoictpfaJkeBlM1o2m+ngPZi8mgJetbFDH4ws1i2fQ=
cloud.google.com/go/notebooks v1.12.7 h1:g5LTI1LHa/86abDTWd8nrq7/4qq8oFhVx1SmnNpZLVg=
cloud.google.com/go/notebooks v1.12.7/go.mod h1:uR9pxAkKmlNloibMr9Q1t8WhIu4P2JeqJs7c064/0Mo=
cloud.google.com/go/optimization v1.7.7 h1:dMtxINB6G7wULbdm8nZ/x1NMa579Q+GfJc5gaN8VeDw=
cloud.google.com/go/optimization v1.7.7/go.mod h1:OY2IAlX23o52qwMAZ0w65wibKuV12a4x6IHDTCq6kcU=
cloud.google.com/go/orchestration v1.11.10 h1:TVWDiZyvcflLFeTQH2GexHmtJ6iUSjzr0zsSiT338dA=
cloud.google.com/go/orchestration v1.11.10/go.mod h1:tz7m1s4wNEvhNNIM3JOMH0lYxBssu9+7si5MCPw/4/0=
cloud.google.com/go/orgpolicy v1.15.1 h1:0hq12wxNwcfUMojr5j3EjWECSInIuyYDhkAWXTomRhc=
cloud.google.com/go/orgpolicy v1.15.1/go.mod h1:bpvi9YIyU7wCW9WiXL/ZKT7pd2Ovegyr2xENIeRX5q0=
cloud.google.com/go/osconfig v1.15.1 h1:QQzK5njfsfO2rdOWYVDyLQktqSq9gKf2ohRYeKUuA10=
cloud.google.com/go/osconfig v1.15.1/go.mod h1:NegylQQl0+5m+I+4Ey/g3HGeQxKkncQ1q+Il4DZ8PME=
cloud.google.com/go/oslogin v1.14.7 h1:YQ8P/+MLwH0tpENYU9QOgwKQxe8DYfAKxIfm6y+OBtA=
cloud.google.com/go/oslogin v1.14.7/go.mod h1:NB6NqBHfDMwznePdBVX+ILllc1oPCdNSGp5u/WIyndY=
cloud.google.com/go/phishingprotection v0.9.7 h1:ZJqHirY2/H6s+uTq1y1iiVASzm3ZuDiMglT5NXywPBE=
cloud.google.com/go/phishingprotection v0.9.7/go.mod h1:JTI4HNGyAbWolBoNOoCyCF0e3cqPNrYnlievHU49EwE=
cloud.google.com/go/policytroubleshooter v1.11.7 h1:Bbj1EiVh96u9mfO2p+JNoHrvvyC0Ms6zP+vxqQnsaG8=
cloud.google.com/go/policytroubleshooter v1.11.7/go.mod h1:JP/aQ+bUkt4Gz6lQXBi/+A/6nyNRZ0Pvxui5Xl9ieyk=
cloud.google.com/go/privatecatalog v0.10.8 h1:yOdy85WDvSCPxAMixkhs5X0Z96D74kosgOTp7aJEYvU=
cloud.google.com/go/privatecatalog v0.10.8/go.mod h1:BkLHi+rtAGYBt5DocXLytHhF0n6F03Tegxgty40Y7aA=
cloud.google.com/go/pubsub v1.50.1 h1:fzbXpPyJnSGvWXF1jabhQeXyxdbCIkXTpjXHy7xviBM=
cloud.google.com/go/pubsub v1.50.1/go.mod h1:6YVJv3MzWJUVdvQXG081sFvS0dWQOdnV+oTo++q/xFk=
cloud.google.com/go/pubsub/v2 v2.0.0 h1:0qS6mRJ41gD1lNmM/vdm6bR7DQu6coQcVwD+VPf0Bz0=
cloud.google.com/go/pubsub/v2 v2.0.0/go.mod h1:0aztFxNzVQIRSZ8vUr79uH2bS3jwLebwK6q1sgEub+E=
cloud.google.com/go/pubsublite v1.8.2 h1:jLQozsEVr+c6tOU13vDugtnaBSUy/PD5zK6mhm+uF1Y=
cloud.google.com/go/pubsublite v1.8.2/go.mod h1:4r8GSa9NznExjuLPEJlF1VjOPOpgf3IT6k8x/YgaOPI=
cloud.google.com/go/recaptchaenterprise/v2 v2.20.5 h1:Q2CcYGxcvnvng2q3o1SaOpV+rjE/AbFVYGTJomxlG4g=
cloud.google.com/go/recaptchaenterprise/v2 v2.20.5/go.mod h1:TCHn8+vtwgygBOwwbUJgRi6R9qglIpTeImsWsWDr5Lo=
cloud.google.com/go/recommendationengine v0.9.7 h1:NH89CyKQP8e98kpdKLwV0jXkQGzSEEZia0V867vkoy8=
cloud.google.com/go/recommendationengine v0.9.7/go.mod h1:snZ/FL147u86Jqpv1j95R+CyU5NvL/UzYiyDo6UByTM=
cloud.google.com/go/recommender v1.13.6 h1:ZVZg4wr1G7yzjIPcYUNSUJAaz9+2o78rmBU4QJgC7kg=
cloud.google.com/go/recommender v1.13.6/go.mod h1:y5/5womtdOaIM3xx+76vbsiA+8EBTIVfWnxHDFHBGJM=
cloud.google.com/go/redis v1.18.3 h1:6LI8zSt+vmE3WQ7hE5GsJ13CbJBLV1qUw6B7CY31Wcw=
cloud.google.com/go/redis v1.18.3/go.mod h1:x8HtXZbvMBDNT6hMHaQ022Pos5d7SP7YsUH8fCJ2Wm4=
cloud.google.com/go/resourcemanager v1.10.7 h1:oPZKIdjyVTuag+D4HF7HO0mnSqcqgjcuA18xblwA0V0=
cloud.google.com/go/resourcemanager v1.10.7/go.mod h1:rScGkr6j2eFwxAjctvOP/8sqnEpDbQ9r5CKwKfomqjs=
cloud.google.com/go/resourcesettings v1.8.3 h1:13HOFU7v4cEvIHXSAQbinF4wp2Baybbq7q9FMctg1Ek=
cloud.google.com/go/resourcesettings v1.8.3/go.mod h1:BzgfXFHIWOOmHe6ZV9+r3OWfpHJgnqXy8jqwx4zTMLw=
cloud.google.com/go/retail v1.25.1 h1:S9Rl1sB6Dmdak5y9I2Pwn9hcWA5ubk33Vnevxw+CSrI=
cloud.google.com/go/retail v1.25.1/go.mod h1:J75G8pd+DH0SHueL9IJw7Y5d2VhTsjFsk+F1t9f8jXc=
cloud.google.com/go/run v1.12.0 h1:l4tpqhzJ75uOugXl2BQ15uEM5gLamVH5M70tBv70ZCU=
cloud.google.com/go/run v1.12.0/go.mod h1:/APJ89UqgGdIdaD1yaTiSYXozx3fNoqKR/cueDFRueI=
cloud.google.com/go/scheduler v1.11.8 h1:BoXY2BvBsaRw3ggVMzC9tborZqJBu+NcJcD9PqeC5Kc=
cloud.google.com/go/scheduler v1.11.8/go.mod h1:bNKU7/f04eoM6iKQpwVLvFNBgGyJNS87RiFN73mIPik=
cloud.google.com/go/secretmanager v1.15.0 h1:RtkCMgTpaBMbzozcRUGfZe46jb9a3qh5EdEtVRUATF8=
cloud.google.com/go/secretmanager v1.15.0/go.mod h1:1hQSAhKK7FldiYw//wbR/XPfPc08eQ81oBsnRUHEvUc=
cloud.google.com/go/security v1.19.2 h1:cF3FkCRRbRC1oXuaGZFl3qU2sdu2gP3iOAHKzL5y04Y=
cloud.google.com/go/security v1.19.2/go.mod h1:KXmf64mnOsLVKe8mk/bZpU1Rsvxqc0Ej0A6tgCeN93w=
cloud.google.com/go/securitycenter v1.38.1 h1:D9zpeguY4frQU35GBw8+M6Gw79CiuTF9iVs4sFm3FDY=
cloud.google.com/go/securitycenter v1.38.1/go.mod h1:Ge2D/SlG2lP1FrQD7wXHy8qyeloRenvKXeB4e7zO6z0=
cloud.google.com/go/servicedirectory v1.12.7 h1:je2yZlVcVFI/TshPXjjF9ZAlWedj0s5EbO2kozJrzBo=
cloud.google.com/go/servicedirectory v1.12.7/go.mod h1:gOtN+qbuCMH6tj2dqlDY3qQL7w3V0+nkWaZElnJK8Ps=
cloud.google.com/go/shell v1.8.7 h1:K1C9sh9EuNNhGpyCoqRdeudcU9zmfYTA95bhF5cokK8=
cloud.google.com/go/shell v1.8.7/go.mod h1:OTke7qc3laNEW5Jr5OV9VR3IwU5x5VqGOE6705zFex4=
cloud.google.com/go/spanner v1.86.0 h1:jlNWusBol1Jxa9PmYGknUBzLwvD1cebuEenzqebZ9xs=
cloud.google.com/go/spanner v1.86.0/go.mod h1:bbwCXbM+zljwSPLZ44wZOdzcdmy89hbUGmM/r9sD0ws=
cloud.google.com/go/speech v1.28.0 h1:9AuiAxDTmh/aeREtw+/0e7aI27T5QN4fK5lhssc9MxA=
cloud.google.com/go/speech v1.28.0/go.mod h1:hJf6oa+1rzCW/CeDE/qCXedV20B2TXEUje5iaGwW+JI=
cloud.google.com/go/storagetransfer v1.13.0 h1:uqKX3OgcYzR1W1YI943ZZ45id0RqA2eXXoCBSPstlbw=
cloud.google.com/go/storagetransfer v1.13.0/go.mod h1:+aov7guRxXBYgR3WCqedkyibbTICdQOiXOdpPcJCKl8=
cloud.google.com/go/talent v1.8.4 h1:1kJJ+WCY5LZ1A4rCa32zKh3N2xT3I8koiS63+vV0WC4=
cloud.google.com/go/talent v1.8.4/go.mod h1:3yukBXUTVFNyKcJpUExW/k5gqEy8qW6OCNj7WdN0MWo=
cloud.google.com/go/texttospeech v1.15.0 h1:8+fZQY8NBEhiMGp+psVK7YPm0sOTfi+d0Q0P+y/SN/4=
cloud.google.com/go/texttospeech v1.15.0/go.mod h1:AeSkoH3ziPvapsuyI07TWY4oGxluAjntX+pF4PJ2jy0=
cloud.google.com/go/tpu v1.8.4 h1:5DDheA1f7yZ/KUbVT/9lL+Yhgd3IqHDSVVrSqDVkAFY=
cloud.google.com/go/tpu v1.8.4/go.mod h1:ul0cyWSHr6jHGZYElZe6HvQn35VY93RAlwpDiSBRnPA=
cloud.google.com/go/trace v1.11.6 h1:2O2zjPzqPYAHrn3OKl029qlqG6W8ZdYaOWRyr8NgMT4=
cloud.google.com/go/trace v1.11.6/go.mod h1:GA855OeDEBiBMzcckLPE2kDunIpC72N+Pq8WFieFjnI=
cloud.google.com/go/translate v1.12.6 h1:QHcszWZvBLEZHM2WJ6IDg2BUTWzEPMiHhbJAd15yKGU=
cloud.google.com/go/translate v1.12.6/go.mod h1:nB3AXuX+iHbV8ZURmElcW85qkEDWZw68sf4kqMT/E5o=
cloud.google.com/go/video v1.27.1 h1:Hp+2AeM7b3AagdHcyh2820UTzSbGyqpFJVMu0nHbBcw=
cloud.google.com/go/video v1.27.1/go.mod h1:xzfAC77B4vtnbi/TT3UUxEjCa/+Ehy5EA8w470ytOig=
cloud.google.com/go/videointelligence v1.12.7 h1:FisUrSZ+y3oLuGdlFQQgZoNTDm7FAfb2hwSTsSqX+9g=
cloud.google.com/go/videointelligence v1.12.7/go.mod h1:XAk5hCMY+GihxJ55jNoMdwdXSNZnCl3wGs2+94gK7MA=
cloud.google.com/go/vision/v2 v2.9.5 h1:UJZ0H6UlOaYKgCn6lWG2iMAOJIsJZLnseEfzBR8yIqQ=
cloud.google.com/go/vision/v2 v2.9.5/go.mod h1:1SiNZPpypqZDbOzU052ZYRiyKjwOcyqgGgqQCI/nlx8=
cloud.google.com/go/vmmigration v1.9.1 h1:7IED5P1BmZIDy0U9Co0OYGQkFK/19/7Y6xlCaitmIcs=
cloud.google.com/go/vmmigration v1.9.1/go.mod h1:jI3lBlhQn9+BKIWE/MmMsOzGekCXCc34b1M0CihL3zY=
cloud.google.com/go/vmwareengine v1.3.6 h1:TKvULKbk44QrIx674cnoVjcZueXhyCAm2sNAJu/S1ds=
cloud.google.com/go/vmwareengine v1.3.6/go.mod h1:ps0rb+Skgpt9ppHYC0o5DqtJ5ld2FyS8sAqtbHH8t9s=
cloud.google.com/go/vpcaccess v1.8.7 h1:K6siDR1T4HgSTv6sy6CAwupY7UGza6TQ1O8jtvEYoX4=
cloud.google.com/go/vpcaccess v1.8.7/go.mod h1:9RYw5bVvk4Z51Rc8vwXT63yjEiMD/l7XyEaDyrNHgmk=
cloud.google.com/go/webrisk v1.11.2 h1:q6zEdVgD8Ka+4fQl3azDcSNRug8clNnQ9iVS2iLh+MM=
cloud.google.com/go/webrisk v1.11.2/go.mod h1:yH44GeXz5iz4HFsIlGeoVvnjwnmfbni7Lwj1SelV4f0=
cloud.google.com/go/websecurityscanner v1.7.7 h1:udhvvDDRryM3nrITJk/eQe74D06KK2N3SF60/FH2njQ=
cloud.google.com/go/websecurityscanner v1.7.7/go.mod h1:ng/PzARaus3Bj4Os4LpUnyYHsbtJky1HbBDmz148v1o=
cloud.google.com/go/workflows v1.14.3 h1:FGF6QEl3rtOSIHPOMZofWRVy3KNx26jDdgoYzJZ6ZhY=
cloud.google.com/go/workflows v1.14.3/go.mod h1:CC9+YdVI2Kvp0L58WajHpEfKJxhrtRh3uQ0SYWcmAk4=
github.com/go-logr/logr v1.4.3 h1:CjnDlHq8ikf6E492q6eKboGOC0T8CDaOvkHCIg8idEI=
github.com/go-logr/logr v1.4.3/go.mod h1:9T104GzyrTigFIr8wt5mBrctHMim0Nb2HLGrmQ40KvY=
github.com/go-logr/stdr v1.2.2 h1:hSWxHoqTgW2S2qGc0LTAI563KZ5YKYRhT3MFKZMbjag=
github.com/go-logr/stdr v1.2.2/go.mod h1:mMo/vtBO5dYbehREoey6XUKy/eSumjCCveDpRre4VKE=
github.com/golang/protobuf v1.5.4 h1:i7eJL8qZTpSEXOPTxNKhASYpMn+8e5Q6AdndVa1dWek=
github.com/golang/protobuf v1.5.4/go.mod h1:lnTiLA8Wa4RWRcIUkrtSVa5nRhsEGBg48fD6rSs7xps=
github.com/google/go-cmp v0.7.0 h1:wk8382ETsv4JYUZwIsn6YpYiWiBsYLSJiTsyBybVuN8=
github.com/google/go-cmp v0.7.0/go.mod h1:pXiqmnSA92OHEEa9HXL2W4E7lf9JzCmGVUdgjX3N/iU=
github.com/google/uuid v1.6.0 h1:NIvaJDMOsjHA8n1jAhLSgzrAzy1Hgr+hNrb57e+94F0=
github.com/google/uuid v1.6.0/go.mod h1:TIyPZe4MgqvfeYDBFedMoGGpEw/LqOeaOT+nhxU+yHo=
go.opentelemetry.io/auto/sdk v1.1.0 h1:cH53jehLUN6UFLY71z+NDOiNJqDdPRaXzTel0sJySYA=
go.opentelemetry.io/auto/sdk v1.1.0/go.mod h1:3wSPjt5PWp2RhlCcmmOial7AvC4DQqZb7a7wCow3W8A=
go.opentelemetry.io/otel v1.37.0 h1:9zhNfelUvx0KBfu/gb+ZgeAfAgtWrfHJZcAqFC228wQ=
go.opentelemetry.io/otel v1.37.0/go.mod h1:ehE/umFRLnuLa/vSccNq9oS1ErUlkkK71gMcN34UG8I=
go.opentelemetry.io/otel/metric v1.37.0 h1:mvwbQS5m0tbmqML4NqK+e3aDiO02vsf/WgbsdpcPoZE=
go.opentelemetry.io/otel/metric v1.37.0/go.mod h1:04wGrZurHYKOc+RKeye86GwKiTb9FKm1WHtO+4EVr2E=
go.opentelemetry.io/otel/sdk v1.37.0 h1:ItB0QUqnjesGRvNcmAcU0LyvkVyGJ2xftD29bWdDvKI=
go.opentelemetry.io/otel/sdk v1.37.0/go.mod h1:VredYzxUvuo2q3WRcDnKDjbdvmO0sCzOvVAiY+yUkAg=
go.opentelemetry.io/otel/sdk/metric v1.37.0 h1:90lI228XrB9jCMuSdA0673aubgRobVZFhbjxHHspCPc=
go.opentelemetry.io/otel/sdk/metric v1.37.0/go.mod h1:cNen4ZWfiD37l5NhS+Keb5RXVWZWpRE+9WyVCpbo5ps=
go.opentelemetry.io/otel/trace v1.37.0 h1:HLdcFNbRQBE2imdSEgm/kwqmQj1Or1l/7bW6mxVK7z4=
go.opentelemetry.io/otel/trace v1.37.0/go.mod h1:TlgrlQ+PtQO5XFerSPUYG0JSgGyryXewPGyayAWSBS0=
golang.org/x/net v0.44.0 h1:evd8IRDyfNBMBTTY5XRF1vaZlD+EmWx6x8PkhR04H/I=
golang.org/x/net v0.44.0/go.mod h1:ECOoLqd5U3Lhyeyo/QDCEVQ4sNgYsqvCZ722XogGieY=
golang.org/x/sys v0.36.0 h1:KVRy2GtZBrk1cBYA7MKu5bEZFxQk4NIDV6RLVcC8o0k=
golang.org/x/sys v0.36.0/go.mod h1:OgkHotnGiDImocRcuBABYBEXf8A9a87e/uXjp9XT3ks=
golang.org/x/text v0.29.0 h1:1neNs90w9YzJ9BocxfsQNHKuAT4pkghyXc4nhZ6sJvk=
golang.org/x/text v0.29.0/go.mod h1:7MhJOA9CD2qZyOKYazxdYMF85OwPdEr9jTtBpO7ydH4=
gonum.org/v1/gonum v0.16.0 h1:5+ul4Swaf3ESvrOnidPp4GZbzf0mxVQpDCYUQE7OJfk=
gonum.org/v1/gonum v0.16.0/go.mod h1:fef3am4MQ93R2HHpKnLk4/Tbh/s0+wqD5nfa6Pnwy4E=
google.golang.org/genproto/googleapis/api v0.0.0-20251002232023-7c0ddcbb5797 h1:D/zZ8knc/wLq9imidPFpHsGuRUYTCWWCwemZ2dxACGs=
google.golang.org/genproto/googleapis/api v0.0.0-20251002232023-7c0ddcbb5797/go.mod h1:NnuHhy+bxcg30o7FnVAZbXsPHUDQ9qKWAQKCD7VxFtk=
google.golang.org/genproto/googleapis/rpc v0.0.0-20251002232023-7c0ddcbb5797 h1:CirRxTOwnRWVLKzDNrs0CXAaVozJoR4G9xvdRecrdpk=
google.golang.org/genproto/googleapis/rpc v0.0.0-20251002232023-7c0ddcbb5797/go.mod h1:HSkG/KdJWusxU1F6CNrwNDjBMgisKxGnc5dAZfT0mjQ=
google.golang.org/grpc v1.75.1 h1:/ODCNEuf9VghjgO3rqLcfg8fiOP0nSluljWFlDxELLI=
google.golang.org/grpc v1.75.1/go.mod h1:JtPAzKiq4v1xcAB2hydNlWI2RnF85XXcV0mhKXr2ecQ=
google.golang.org/protobuf v1.36.10 h1:AYd7cD/uASjIL6Q9LiTjz8JLcrh/88q5UObnmY3aOOE=
google.golang.org/protobuf v1.36.10/go.mod h1:HTf+CrKn2C3g5S8VImy6tdcUvCska2kB7j23XfzDpco=
