cloud.google.com/go v0.110.8 h1:tyNdfIxjzaWctIiLYOTalaLKZ17SI44SKFW26QbOhME=
cloud.google.com/go v0.110.8/go.mod h1:Iz8AkXJf1qmxC3Oxoep8R1T36w8B92yU29PcBhHO5fk=
cloud.google.com/go/accessapproval v1.7.2 h1:W55SFrY6EVlcmmRGUk0rGhuy3j4fn7UtEocib/zADVE=
cloud.google.com/go/accessapproval v1.7.2/go.mod h1:/gShiq9/kK/h8T/eEn1BTzalDvk0mZxJlhfw0p+Xuc0=
cloud.google.com/go/accesscontextmanager v1.8.2 h1:jcOXen2u13aHgOHibUjxyPI+fZzVhElxy2gzJJlOOHg=
cloud.google.com/go/accesscontextmanager v1.8.2/go.mod h1:E6/SCRM30elQJ2PKtFMs2YhfJpZSNcJyejhuzoId4Zk=
cloud.google.com/go/aiplatform v1.51.1 h1:g+y03dll9HnX9U0oBKIqUOI+8VQWT1QJF12VGxkal0Q=
cloud.google.com/go/aiplatform v1.51.1/go.mod h1:kY3nIMAVQOK2XDqDPHaOuD9e+FdMA6OOpfBjsvaFSOo=
cloud.google.com/go/analytics v0.21.4 h1:SScWR8i/M8h7h3lFKtOYcj0r4272aL+KvRRrsu39Vec=
cloud.google.com/go/analytics v0.21.4/go.mod h1:zZgNCxLCy8b2rKKVfC1YkC2vTrpfZmeRCySM3aUbskA=
cloud.google.com/go/apigateway v1.6.2 h1:I46jVrhr2M1JJ1lK7JGn2BvybN44muEh+LSjBQ1l9hw=
cloud.google.com/go/apigateway v1.6.2/go.mod h1:CwMC90nnZElorCW63P2pAYm25AtQrHfuOkbRSHj0bT8=
cloud.google.com/go/apigeeconnect v1.6.2 h1:7LzOTW34EH2julg0MQVt+U9ZdmiCKcg6fef/ugKL2Xo=
cloud.google.com/go/apigeeconnect v1.6.2/go.mod h1:s6O0CgXT9RgAxlq3DLXvG8riw8PYYbU/v25jqP3Dy18=
cloud.google.com/go/apigeeregistry v0.7.2 h1:MESEjKSfz4TvLAzT2KPimDDvhOyQlcq7aFFREG2PRt4=
cloud.google.com/go/apigeeregistry v0.7.2/go.mod h1:9CA2B2+TGsPKtfi3F7/1ncCCsL62NXBRfM6iPoGSM+8=
cloud.google.com/go/appengine v1.8.2 h1:0/OFV0FQKgi0AB4E8NuYN0JY3hJzND4ftRpK7P26uaw=
cloud.google.com/go/appengine v1.8.2/go.mod h1:WMeJV9oZ51pvclqFN2PqHoGnys7rK0rz6s3Mp6yMvDo=
cloud.google.com/go/area120 v0.8.2 h1:h/wMtPPsgFJfMce1b9M24Od8RuKt8CWENwr+X24tBhE=
cloud.google.com/go/area120 v0.8.2/go.mod h1:a5qfo+x77SRLXnCynFWPUZhnZGeSgvQ+Y0v1kSItkh4=
cloud.google.com/go/artifactregistry v1.14.3 h1:Ssv6f+jgfhDdhu43AaHUaSosIYpQ+TPCJNwqYSJT1AE=
cloud.google.com/go/artifactregistry v1.14.3/go.mod h1:A2/E9GXnsyXl7GUvQ/2CjHA+mVRoWAXC0brg2os+kNI=
cloud.google.com/go/asset v1.15.1 h1:+9f5/s/U0AGZSPLTOMcXSZ5NDB5jQ2Szr+WQPgPA8bk=
cloud.google.com/go/asset v1.15.1/go.mod h1:yX/amTvFWRpp5rcFq6XbCxzKT8RJUam1UoboE179jU4=
cloud.google.com/go/assuredworkloads v1.11.2 h1:EbPyk3fC8sTxSIPoFrCR9P1wRTVdXcRxvPqFK8/wdso=
cloud.google.com/go/assuredworkloads v1.11.2/go.mod h1:O1dfr+oZJMlE6mw0Bp0P1KZSlj5SghMBvTpZqIcUAW4=
cloud.google.com/go/automl v1.13.2 h1:kUN4Y6N61AsNdXsdZIug1c+2pTJ5tg9xUA6+yn0Wf8Y=
cloud.google.com/go/automl v1.13.2/go.mod h1:gNY/fUmDEN40sP8amAX3MaXkxcqPIn7F1UIIPZpy4Mg=
cloud.google.com/go/baremetalsolution v1.2.1 h1:uRpZsKiWFDyT1sARZVRKqnOmf2mpRfVas7KMC3/MA4I=
cloud.google.com/go/baremetalsolution v1.2.1/go.mod h1:3qKpKIw12RPXStwQXcbhfxVj1dqQGEvcmA+SX/mUR88=
cloud.google.com/go/batch v1.5.1 h1:+8ZogCLFauglOE5ybTCWscoexD7Z8k4XW27RVTKNEoo=
cloud.google.com/go/batch v1.5.1/go.mod h1:RpBuIYLkQu8+CWDk3dFD/t/jOCGuUpkpX+Y0n1Xccs8=
cloud.google.com/go/beyondcorp v1.0.1 h1:uQpsXwttlV0+AXHdB5qaZl1mz2SsyYV1PKgTR74noaQ=
cloud.google.com/go/beyondcorp v1.0.1/go.mod h1:zl/rWWAFVeV+kx+X2Javly7o1EIQThU4WlkynffL/lk=
cloud.google.com/go/bigquery v1.56.0 h1:LHIc9E7Kw+ftFpQFKzZYBB88IAFz7qONawXXx0F3QBo=
cloud.google.com/go/bigquery v1.56.0/go.mod h1:KDcsploXTEY7XT3fDQzMUZlpQLHzE4itubHrnmhUrZA=
cloud.google.com/go/billing v1.17.2 h1:ozS/MNj6KKz8Reuw7tIG8Ycucq/YpSf3u3XCqrupbcg=
cloud.google.com/go/billing v1.17.2/go.mod h1:u/AdV/3wr3xoRBk5xvUzYMS1IawOAPwQMuHgHMdljDg=
cloud.google.com/go/binaryauthorization v1.7.1 h1:i2S+/G36VA1UG8gdcQLpq5I58/w/RzAnjQ65scKozFg=
cloud.google.com/go/binaryauthorization v1.7.1/go.mod h1:GTAyfRWYgcbsP3NJogpV3yeunbUIjx2T9xVeYovtURE=
cloud.google.com/go/certificatemanager v1.7.2 h1:Xytp8O0/EDh2nVscHhFQpicY9YAT3f3R7D7pv/z29uE=
cloud.google.com/go/certificatemanager v1.7.2/go.mod h1:15SYTDQMd00kdoW0+XY5d9e+JbOPjp24AvF48D8BbcQ=
cloud.google.com/go/channel v1.17.1 h1:+1B+Gj/3SJSLGJZXCp3dWiseMVHoSZ7Xo6Klg1fqM64=
cloud.google.com/go/channel v1.17.1/go.mod h1:xqfzcOZAcP4b/hUDH0GkGg1Sd5to6di1HOJn/pi5uBQ=
cloud.google.com/go/cloudbuild v1.14.1 h1:Tp0ITIlFam7T8K/TyeceITtpw1f8+KxVKwYyiyWDPK8=
cloud.google.com/go/cloudbuild v1.14.1/go.mod h1:K7wGc/3zfvmYWOWwYTgF/d/UVJhS4pu+HAy7PL7mCsU=
cloud.google.com/go/clouddms v1.7.1 h1:LrtqeR2xKV3juG5N7eeUgW+PqdMClOWH2U9PN3EpfFw=
cloud.google.com/go/clouddms v1.7.1/go.mod h1:o4SR8U95+P7gZ/TX+YbJxehOCsM+fe6/brlrFquiszk=
cloud.google.com/go/cloudtasks v1.12.2 h1:IoJI49JClvv2+NYvcABRgTO9y4veAUFlaOTigm+xXqE=
cloud.google.com/go/cloudtasks v1.12.2/go.mod h1:A7nYkjNlW2gUoROg1kvJrQGhJP/38UaWwsnuBDOBVUk=
cloud.google.com/go/compute v1.23.1 h1:V97tBoDaZHb6leicZ1G6DLK2BAaZLJ/7+9BB/En3hR0=
cloud.google.com/go/compute v1.23.1/go.mod h1:CqB3xpmPKKt3OJpW2ndFIXnA9A4xAy/F3Xp1ixncW78=
cloud.google.com/go/contactcenterinsights v1.11.1 h1:dEfCjtdYjS3n8/1HEKbJaOL31l3dEs3q9aeaNsyrJBc=
cloud.google.com/go/contactcenterinsights v1.11.1/go.mod h1:FeNP3Kg8iteKM80lMwSk3zZZKVxr+PGnAId6soKuXwE=
cloud.google.com/go/container v1.26.1 h1:1CXjOL/dZZ2jXX1CYWqlxmXqJbZo8HwQX4DJxLzgQWo=
cloud.google.com/go/container v1.26.1/go.mod h1:5smONjPRUxeEpDG7bMKWfDL4sauswqEtnBK1/KKpR04=
cloud.google.com/go/containeranalysis v0.11.1 h1:PHh4KTcMpCjYgxfV+TzvP24wolTGP9lGbqh9sBNHxjs=
cloud.google.com/go/containeranalysis v0.11.1/go.mod h1:rYlUOM7nem1OJMKwE1SadufX0JP3wnXj844EtZAwWLY=
cloud.google.com/go/datacatalog v1.18.1 h1:xJp9mZrc2HPaoxIz3sP9pCmf/impifweQ/yGG9VBfio=
cloud.google.com/go/datacatalog v1.18.1/go.mod h1:TzAWaz+ON1tkNr4MOcak8EBHX7wIRX/gZKM+yTVsv+A=
cloud.google.com/go/dataflow v0.9.2 h1:cpu2OeNxnYVadAIXETLRS5riz3KUR8ErbTojAQTFJVg=
cloud.google.com/go/dataflow v0.9.2/go.mod h1:vBfdBZ/ejlTaYIGB3zB4T08UshH70vbtZeMD+urnUSo=
cloud.google.com/go/dataform v0.8.2 h1:l155O3DS7pfyR91maS4l92bEjKbkbWie3dpgltZ1Q68=
cloud.google.com/go/dataform v0.8.2/go.mod h1:X9RIqDs6NbGPLR80tnYoPNiO1w0wenKTb8PxxlhTMKM=
cloud.google.com/go/datafusion v1.7.2 h1:CIIXp4bbwck49ZTV/URabJaV48jVB86THyVBWGgeDjw=
cloud.google.com/go/datafusion v1.7.2/go.mod h1:62K2NEC6DRlpNmI43WHMWf9Vg/YvN6QVi8EVwifElI0=
cloud.google.com/go/datalabeling v0.8.2 h1:4N5mbjauemzaatxGOFVpV2i8HiXSUUhyNRBU+dCBHl0=
cloud.google.com/go/datalabeling v0.8.2/go.mod h1:cyDvGHuJWu9U/cLDA7d8sb9a0tWLEletStu2sTmg3BE=
cloud.google.com/go/dataplex v1.10.1 h1:8Irss8sIalm/X8r0Masv5KJRkddcxov3TiW8W96FmC4=
cloud.google.com/go/dataplex v1.10.1/go.mod h1:1MzmBv8FvjYfc7vDdxhnLFNskikkB+3vl475/XdCDhs=
cloud.google.com/go/dataproc/v2 v2.2.1 h1:BPjIIkTCAOHUkMtWKqae55qEku5K09LVbQ46LYt7r1s=
cloud.google.com/go/dataproc/v2 v2.2.1/go.mod h1:QdAJLaBjh+l4PVlVZcmrmhGccosY/omC1qwfQ61Zv/o=
cloud.google.com/go/dataqna v0.8.2 h1:vJ9JVKDgDG7AQMbTD8pdWaogJ4c/yHn0qer+q0nFIaw=
cloud.google.com/go/dataqna v0.8.2/go.mod h1:KNEqgx8TTmUipnQsScOoDpq/VlXVptUqVMZnt30WAPs=
cloud.google.com/go/datastore v1.15.0 h1:0P9WcsQeTWjuD1H14JIY7XQscIPQ4Laje8ti96IC5vg=
cloud.google.com/go/datastore v1.15.0/go.mod h1:GAeStMBIt9bPS7jMJA85kgkpsMkvseWWXiaHya9Jes8=
cloud.google.com/go/datastream v1.10.1 h1:XWiXV1hzs8oAd54//wcb1L15Jl7MnZ/cY2B8XCmu0xE=
cloud.google.com/go/datastream v1.10.1/go.mod h1:7ngSYwnw95YFyTd5tOGBxHlOZiL+OtpjheqU7t2/s/c=
cloud.google.com/go/deploy v1.13.1 h1:eV5MdoQJGdac/k7D97SDjD8iLE4jCzL42UCAgG6j0iE=
cloud.google.com/go/deploy v1.13.1/go.mod h1:8jeadyLkH9qu9xgO3hVWw8jVr29N1mnW42gRJT8GY6g=
cloud.google.com/go/dialogflow v1.44.1 h1:Ml/hgEzU3AN0tjNSSv4/QmG1nqwYEsiCySKMkWMqUmI=
cloud.google.com/go/dialogflow v1.44.1/go.mod h1:n/h+/N2ouKOO+rbe/ZnI186xImpqvCVj2DdsWS/0EAk=
cloud.google.com/go/dlp v1.10.2 h1:sWOATigjZOKmA2rVOSjIcKLCtL2ifdawaukx+H9iffk=
cloud.google.com/go/dlp v1.10.2/go.mod h1:ZbdKIhcnyhILgccwVDzkwqybthh7+MplGC3kZVZsIOQ=
cloud.google.com/go/documentai v1.23.2 h1:IAKWBngDFTxABdAH52uAn0osPDemyegyRmf5IQKznHw=
cloud.google.com/go/documentai v1.23.2/go.mod h1:Q/wcRT+qnuXOpjAkvOV4A+IeQl04q2/ReT7SSbytLSo=
cloud.google.com/go/domains v0.9.2 h1:SjpTtaTNRPPajrGiZEtxz9dpElO4PxuDWFvU4JpV1gk=
cloud.google.com/go/domains v0.9.2/go.mod h1:3YvXGYzZG1Temjbk7EyGCuGGiXHJwVNmwIf+E/cUp5I=
cloud.google.com/go/edgecontainer v1.1.2 h1:B+Acb/0frXUxc60i6lC0JtXrBFAKoS7ZELmet9+ySo8=
cloud.google.com/go/edgecontainer v1.1.2/go.mod h1:wQRjIzqxEs9e9wrtle4hQPSR1Y51kqN75dgF7UllZZ4=
cloud.google.com/go/errorreporting v0.3.0 h1:kj1XEWMu8P0qlLhm3FwcaFsUvXChV/OraZwA70trRR0=
cloud.google.com/go/errorreporting v0.3.0/go.mod h1:xsP2yaAp+OAW4OIm60An2bbLpqIhKXdWR/tawvl7QzU=
cloud.google.com/go/essentialcontacts v1.6.3 h1:xrGTLRTzunQk5XhBIkdftuC00B9MUoEXi7Pjgeu1kMM=
cloud.google.com/go/essentialcontacts v1.6.3/go.mod h1:yiPCD7f2TkP82oJEFXFTou8Jl8L6LBRPeBEkTaO0Ggo=
cloud.google.com/go/eventarc v1.13.1 h1:FmEcxG5rX3LaUB2nRjf2Pas5J5TtVrVznaHN5rxYxnQ=
cloud.google.com/go/eventarc v1.13.1/go.mod h1:EqBxmGHFrruIara4FUQ3RHlgfCn7yo1HYsu2Hpt/C3Y=
cloud.google.com/go/filestore v1.7.2 h1:/Nnk5pOoY1Lx6A42hJ2eBYcBfqKvLcnh8fV4egopvY4=
cloud.google.com/go/filestore v1.7.2/go.mod h1:TYOlyJs25f/omgj+vY7/tIG/E7BX369triSPzE4LdgE=
cloud.google.com/go/firestore v1.13.0 h1:/3S4RssUV4GO/kvgJZB+tayjhOfyAHs+KcpJgRVu/Qk=
cloud.google.com/go/firestore v1.13.0/go.mod h1:QojqqOh8IntInDUSTAh0c8ZsPYAr68Ma8c5DWOy8xb8=
cloud.google.com/go/functions v1.15.2 h1:DpT51zU3UMTt64efB4a9hE9B98Kb0fZC3IfaVp7GnkE=
cloud.google.com/go/functions v1.15.2/go.mod h1:CHAjtcR6OU4XF2HuiVeriEdELNcnvRZSk1Q8RMqy4lE=
cloud.google.com/go/gkebackup v1.3.2 h1:1fnA934a/0oz7nU22gTzmGYFVi6V13Q/hCkdC99K178=
cloud.google.com/go/gkebackup v1.3.2/go.mod h1:OMZbXzEJloyXMC7gqdSB+EOEQ1AKcpGYvO3s1ec5ixk=
cloud.google.com/go/gkeconnect v0.8.2 h1:AuR3YNK0DgLVrmcc8o4sBrU0dVs/SULSuLh4Gmn1e10=
cloud.google.com/go/gkeconnect v0.8.2/go.mod h1:6nAVhwchBJYgQCXD2pHBFQNiJNyAd/wyxljpaa6ZPrY=
cloud.google.com/go/gkehub v0.14.2 h1:7rddjV52z0RbToFYj1B39R9dsn+6IXgx4DduEH7N25Q=
cloud.google.com/go/gkehub v0.14.2/go.mod h1:iyjYH23XzAxSdhrbmfoQdePnlMj2EWcvnR+tHdBQsCY=
cloud.google.com/go/gkemulticloud v1.0.1 h1:V82LxEvFIGJnebn7BBdOUKcVlNQqBaubbKtLgRicHow=
cloud.google.com/go/gkemulticloud v1.0.1/go.mod h1:AcrGoin6VLKT/fwZEYuqvVominLriQBCKmbjtnbMjG8=
cloud.google.com/go/gsuiteaddons v1.6.2 h1:vR7E1gR85x0wlbUek3cZYJ67U67GpNrboNCRiF/VSSc=
cloud.google.com/go/gsuiteaddons v1.6.2/go.mod h1:K65m9XSgs8hTF3X9nNTPi8IQueljSdYo9F+Mi+s4MyU=
cloud.google.com/go/iam v1.1.3 h1:18tKG7DzydKWUnLjonWcJO6wjSCAtzh4GcRKlH/Hrzc=
cloud.google.com/go/iam v1.1.3/go.mod h1:3khUlaBXfPKKe7huYgEpDn6FtgRyMEqbkvBxrQyY5SE=
cloud.google.com/go/iap v1.9.1 h1:J5r6CL6EakRmsMRIm2yV0PF5zfIm4sMQbQfPhSTnRzA=
cloud.google.com/go/iap v1.9.1/go.mod h1:SIAkY7cGMLohLSdBR25BuIxO+I4fXJiL06IBL7cy/5Q=
cloud.google.com/go/ids v1.4.2 h1:KqvR28pAnIss6d2pmGOQ+Fcsi3FOWDVhqdr6QaVvqsI=
cloud.google.com/go/ids v1.4.2/go.mod h1:3vw8DX6YddRu9BncxuzMyWn0g8+ooUjI2gslJ7FH3vk=
cloud.google.com/go/iot v1.7.2 h1:qFNv3teWkONIPmuY2mzodEnHb6E67ch2OZ6216ycUiU=
cloud.google.com/go/iot v1.7.2/go.mod h1:q+0P5zr1wRFpw7/MOgDXrG/HVA+l+cSwdObffkrpnSg=
cloud.google.com/go/kms v1.15.3 h1:RYsbxTRmk91ydKCzekI2YjryO4c5Y2M80Zwcs9/D/cI=
cloud.google.com/go/kms v1.15.3/go.mod h1:AJdXqHxS2GlPyduM99s9iGqi2nwbviBbhV/hdmt4iOQ=
cloud.google.com/go/language v1.11.1 h1:BjU7Ljhh0ZYnZC8jZwiezf1FH75yijJ4raAScseqCns=
cloud.google.com/go/language v1.11.1/go.mod h1:Xyid9MG9WOX3utvDbpX7j3tXDmmDooMyMDqgUVpH17U=
cloud.google.com/go/lifesciences v0.9.2 h1:0naTq5qUWoRt/b5P+SZ/0mun7ZTlhpJZJsUxhCmLv1c=
cloud.google.com/go/lifesciences v0.9.2/go.mod h1:QHEOO4tDzcSAzeJg7s2qwnLM2ji8IRpQl4p6m5Z9yTA=
cloud.google.com/go/logging v1.8.1 h1:26skQWPeYhvIasWKm48+Eq7oUqdcdbwsCVwz5Ys0FvU=
cloud.google.com/go/logging v1.8.1/go.mod h1:TJjR+SimHwuC8MZ9cjByQulAMgni+RkXeI3wwctHJEI=
cloud.google.com/go/longrunning v0.5.2 h1:u+oFqfEwwU7F9dIELigxbe0XVnBAo9wqMuQLA50CZ5k=
cloud.google.com/go/longrunning v0.5.2/go.mod h1:nqo6DQbNV2pXhGDbDMoN2bWz68MjZUzqv2YttZiveCs=
cloud.google.com/go/managedidentities v1.6.2 h1:QijSmmWHb3EzYQr8SrjWe941ba9G5sTCF5PvhhMM8CM=
cloud.google.com/go/managedidentities v1.6.2/go.mod h1:5c2VG66eCa0WIq6IylRk3TBW83l161zkFvCj28X7jn8=
cloud.google.com/go/maps v1.4.1 h1:/wp8wImC3tHIHOoaQGRA+KyH3as/Dvp+3J/NqJQBiPQ=
cloud.google.com/go/maps v1.4.1/go.mod h1:BxSa0BnW1g2U2gNdbq5zikLlHUuHW0GFWh7sgML2kIY=
cloud.google.com/go/mediatranslation v0.8.2 h1:nyBZbNX1j34H00n+irnQraCogrkRWntQsDoA6s8OfKo=
cloud.google.com/go/mediatranslation v0.8.2/go.mod h1:c9pUaDRLkgHRx3irYE5ZC8tfXGrMYwNZdmDqKMSfFp8=
cloud.google.com/go/memcache v1.10.2 h1:WLJALO3FxuStMiYdSQwiQBDBcs4G8DDwZQmXK+YzAWk=
cloud.google.com/go/memcache v1.10.2/go.mod h1:f9ZzJHLBrmd4BkguIAa/l/Vle6uTHzHokdnzSWOdQ6A=
cloud.google.com/go/metastore v1.13.1 h1:tLemzNMjKY+xdJUDQt9v5+fQqSufTNgKHHQmihG5ay8=
cloud.google.com/go/metastore v1.13.1/go.mod h1:IbF62JLxuZmhItCppcIfzBBfUFq0DIB9HPDoLgWrVOU=
cloud.google.com/go/monitoring v1.16.1 h1:CTklIuUkS5nCricGojPwdkSgPsCTX2HmYTxFDg+UvpU=
cloud.google.com/go/monitoring v1.16.1/go.mod h1:6HsxddR+3y9j+o/cMJH6q/KJ/CBTvM/38L/1m7bTRJ4=
cloud.google.com/go/networkconnectivity v1.14.1 h1:uR+ASueYNodsPCd9wcYEedqjH4+LaCkKqltRBF6CmB4=
cloud.google.com/go/networkconnectivity v1.14.1/go.mod h1:LyGPXR742uQcDxZ/wv4EI0Vu5N6NKJ77ZYVnDe69Zug=
cloud.google.com/go/networkmanagement v1.9.1 h1:ZK6i6FVQNc1t3fecM3hf9Nu6Kr9C95xr+zMVORYd8ak=
cloud.google.com/go/networkmanagement v1.9.1/go.mod h1:CCSYgrQQvW73EJawO2QamemYcOb57LvrDdDU51F0mcI=
cloud.google.com/go/networksecurity v0.9.2 h1:fA73AX//KWaqNKOvuQ00WUD3Z/XMhiMhHSFTEl2Wxec=
cloud.google.com/go/networksecurity v0.9.2/go.mod h1:jG0SeAttWzPMUILEHDUvFYdQTl8L/E/KC8iZDj85lEI=
cloud.google.com/go/notebooks v1.10.1 h1:j/G3r6SPoWzD6CZZrDffZGwgGALvxWwtKJHJ4GF17WA=
cloud.google.com/go/notebooks v1.10.1/go.mod h1:5PdJc2SgAybE76kFQCWrTfJolCOUQXF97e+gteUUA6A=
cloud.google.com/go/optimization v1.5.1 h1:71wTxJz8gRrVEHF4fw18sGynAyNQwatxCJBI3m3Rd4c=
cloud.google.com/go/optimization v1.5.1/go.mod h1:NC0gnUD5MWVAF7XLdoYVPmYYVth93Q6BUzqAq3ZwtV8=
cloud.google.com/go/orchestration v1.8.2 h1:lb+Vphr+x2V9ukHwLjyaXJpbPuPhaKdobQx3UAOeSsQ=
cloud.google.com/go/orchestration v1.8.2/go.mod h1:T1cP+6WyTmh6LSZzeUhvGf0uZVmJyTx7t8z7Vg87+A0=
cloud.google.com/go/orgpolicy v1.11.2 h1:Dnfh5sj3aIAuJzH4Q4rBp6lCJ/IdXRBbwQ0/nQsUySE=
cloud.google.com/go/orgpolicy v1.11.2/go.mod h1:biRDpNwfyytYnmCRWZWxrKF22Nkz9eNVj9zyaBdpm1o=
cloud.google.com/go/osconfig v1.12.2 h1:AjHbw8MgKKaTFAEJWGdOYtMED3wUXKLtvdfP8Uzbuy0=
cloud.google.com/go/osconfig v1.12.2/go.mod h1:eh9GPaMZpI6mEJEuhEjUJmaxvQ3gav+fFEJon1Y8Iw0=
cloud.google.com/go/oslogin v1.11.1 h1:r3JYeLf004krfXhRMDfYKlBdMgDDc2q2PM1bomb5Luw=
cloud.google.com/go/oslogin v1.11.1/go.mod h1:OhD2icArCVNUxKqtK0mcSmKL7lgr0LVlQz+v9s1ujTg=
cloud.google.com/go/phishingprotection v0.8.2 h1:BIv/42ooQXh/jW8BW2cgO0E6yRPbEdvqH3JzKV7BlmI=
cloud.google.com/go/phishingprotection v0.8.2/go.mod h1:LhJ91uyVHEYKSKcMGhOa14zMMWfbEdxG032oT6ECbC8=
cloud.google.com/go/policytroubleshooter v1.9.1 h1:92YSoPZE62QkNM0G6Nl6PICKUyv4aNgsdtWWceJR6ys=
cloud.google.com/go/policytroubleshooter v1.9.1/go.mod h1:MYI8i0bCrL8cW+VHN1PoiBTyNZTstCg2WUw2eVC4c4U=
cloud.google.com/go/privatecatalog v0.9.2 h1:gxL4Kn9IXt3tdIOpDPEDPI/kBBLVzaAX5wq6IbOYi8A=
cloud.google.com/go/privatecatalog v0.9.2/go.mod h1:RMA4ATa8IXfzvjrhhK8J6H4wwcztab+oZph3c6WmtFc=
cloud.google.com/go/pubsub v1.33.0 h1:6SPCPvWav64tj0sVX/+npCBKhUi/UjJehy9op/V3p2g=
cloud.google.com/go/pubsub v1.33.0/go.mod h1:f+w71I33OMyxf9VpMVcZbnG5KSUkCOUHYpFd5U1GdRc=
cloud.google.com/go/pubsublite v1.8.1 h1:pX+idpWMIH30/K7c0epN6V703xpIcMXWRjKJsz0tYGY=
cloud.google.com/go/pubsublite v1.8.1/go.mod h1:fOLdU4f5xldK4RGJrBMm+J7zMWNj/k4PxwEZXy39QS0=
cloud.google.com/go/recaptchaenterprise/v2 v2.8.1 h1:06V6+edT20PcrFJfH0TVWMZpZCUpSCADgwGwhkMsGmY=
cloud.google.com/go/recaptchaenterprise/v2 v2.8.1/go.mod h1:JZYZJOeZjgSSTGP4uz7NlQ4/d1w5hGmksVgM0lbEij0=
cloud.google.com/go/recommendationengine v0.8.2 h1:odf0TZXtwoZ5kJaWBlaE9D0AV+WJLLs+/SRSuE4T/ds=
cloud.google.com/go/recommendationengine v0.8.2/go.mod h1:QIybYHPK58qir9CV2ix/re/M//Ty10OxjnnhWdaKS1Y=
cloud.google.com/go/recommender v1.11.1 h1:GI4EBCMTLfC8I8R+e13ZaTAa8ZZ0KRPdS99hGtJYyaU=
cloud.google.com/go/recommender v1.11.1/go.mod h1:sGwFFAyI57v2Hc5LbIj+lTwXipGu9NW015rkaEM5B18=
cloud.google.com/go/redis v1.13.2 h1:2ZtIGspMT65wern2rjX35XPCCJxVKF4J0P1S99bac3k=
cloud.google.com/go/redis v1.13.2/go.mod h1:0Hg7pCMXS9uz02q+LoEVl5dNHUkIQv+C/3L76fandSA=
cloud.google.com/go/resourcemanager v1.9.2 h1:lC3PjJMHLPlZKqLfan6FkEb3X1F8oCRc1ylY7vRHvDQ=
cloud.google.com/go/resourcemanager v1.9.2/go.mod h1:OujkBg1UZg5lX2yIyMo5Vz9O5hf7XQOSV7WxqxxMtQE=
cloud.google.com/go/resourcesettings v1.6.2 h1:feqx2EcLRgtmwNHzeLw5Og4Wcy4vcZxw62b0x/QNu60=
cloud.google.com/go/resourcesettings v1.6.2/go.mod h1:mJIEDd9MobzunWMeniaMp6tzg4I2GvD3TTmPkc8vBXk=
cloud.google.com/go/retail v1.14.2 h1:ed5hWjpOwfsi6E9kj2AFzkz5ScT3aZs7o3MUM0YITUM=
cloud.google.com/go/retail v1.14.2/go.mod h1:W7rrNRChAEChX336QF7bnMxbsjugcOCPU44i5kbLiL8=
cloud.google.com/go/run v1.3.1 h1:xc46W9kxJI2De9hmpqHEBSSLJhP3bSZl86LdlJa5zm8=
cloud.google.com/go/run v1.3.1/go.mod h1:cymddtZOzdwLIAsmS6s+Asl4JoXIDm/K1cpZTxV4Q5s=
cloud.google.com/go/scheduler v1.10.2 h1:lgUd1D84JEgNzzHRlcZEIoQ6Ny10YWe8RNH1knhouNk=
cloud.google.com/go/scheduler v1.10.2/go.mod h1:O3jX6HRH5eKCA3FutMw375XHZJudNIKVonSCHv7ropY=
cloud.google.com/go/secretmanager v1.11.2 h1:52Z78hH8NBWIqbvIG0wi0EoTaAmSx99KIOAmDXIlX0M=
cloud.google.com/go/secretmanager v1.11.2/go.mod h1:MQm4t3deoSub7+WNwiC4/tRYgDBHJgJPvswqQVB1Vss=
cloud.google.com/go/security v1.15.2 h1:VNpdJNfMeHSJZ+647QtzPrvZ6rWChBklLm/NY64RVW8=
cloud.google.com/go/security v1.15.2/go.mod h1:2GVE/v1oixIRHDaClVbHuPcZwAqFM28mXuAKCfMgYIg=
cloud.google.com/go/securitycenter v1.23.1 h1:Epx7Gm9ZRPRiFfwDFplka2zKCS0J3cpm0Et1KwI2tvY=
cloud.google.com/go/securitycenter v1.23.1/go.mod h1:w2HV3Mv/yKhbXKwOCu2i8bCuLtNP1IMHuiYQn4HJq5s=
cloud.google.com/go/servicedirectory v1.11.1 h1:SXhbxsfQJBsUDeo743x5AnVe8ifC7qjXU3bSTT6t/+Q=
cloud.google.com/go/servicedirectory v1.11.1/go.mod h1:tJywXimEWzNzw9FvtNjsQxxJ3/41jseeILgwU/QLrGI=
cloud.google.com/go/shell v1.7.2 h1:zk0Cf2smbFlAdhBQ5tXESZzzmsTfGc31fJfI6a0SVD8=
cloud.google.com/go/shell v1.7.2/go.mod h1:KqRPKwBV0UyLickMn0+BY1qIyE98kKyI216sH/TuHmc=
cloud.google.com/go/spanner v1.50.0 h1:QrJFOpaxCXdXF+GkiruLz642PHxkdj68PbbnLw3O2Zw=
cloud.google.com/go/spanner v1.50.0/go.mod h1:eGj9mQGK8+hkgSVbHNQ06pQ4oS+cyc4tXXd6Dif1KoM=
cloud.google.com/go/speech v1.19.1 h1:z035FMLs98jpnqcP5xZZ6Es+g6utbeVoUH64BaTzTSU=
cloud.google.com/go/speech v1.19.1/go.mod h1:WcuaWz/3hOlzPFOVo9DUsblMIHwxP589y6ZMtaG+iAA=
cloud.google.com/go/storagetransfer v1.10.1 h1:CU03oYLauu7xRV25fFmozHZHA/SokLQlC20Ip/UvFro=
cloud.google.com/go/storagetransfer v1.10.1/go.mod h1:rS7Sy0BtPviWYTTJVWCSV4QrbBitgPeuK4/FKa4IdLs=
cloud.google.com/go/talent v1.6.3 h1:TyJqwhmncdW5CL4rzYSYKJrR9YAe0iNqHtJTnnOaEyM=
cloud.google.com/go/talent v1.6.3/go.mod h1:xoDO97Qd4AK43rGjJvyBHMskiEf3KulgYzcH6YWOVoo=
cloud.google.com/go/texttospeech v1.7.2 h1:Ac53sRkUo8UMSuhyyWRFJvWEaX8vm0EFwwiTAxeVYuU=
cloud.google.com/go/texttospeech v1.7.2/go.mod h1:VYPT6aTOEl3herQjFHYErTlSZJ4vB00Q2ZTmuVgluD4=
cloud.google.com/go/tpu v1.6.2 h1:SAFzyGp6mU37lfLTV0cNQwu7tqH4X8b4RCpQZ1s+mYM=
cloud.google.com/go/tpu v1.6.2/go.mod h1:NXh3NDwt71TsPZdtGWgAG5ThDfGd32X1mJ2cMaRlVgU=
cloud.google.com/go/trace v1.10.2 h1:80Rh4JSqJLfe/xGNrpyO4MQxiFDXcHG1XrsevfmrIRQ=
cloud.google.com/go/trace v1.10.2/go.mod h1:NPXemMi6MToRFcSxRl2uDnu/qAlAQ3oULUphcHGh1vA=
cloud.google.com/go/translate v1.9.1 h1:gNPBVMINs+aZMB8BW+IfrHLLTfdq0t0GMwa31NmOXY4=
cloud.google.com/go/translate v1.9.1/go.mod h1:TWIgDZknq2+JD4iRcojgeDtqGEp154HN/uL6hMvylS8=
cloud.google.com/go/video v1.20.1 h1:yMfxQ4N/fXNDsCKNKw9W+FpdrJPj5CDu+FuAJBmGuoo=
cloud.google.com/go/video v1.20.1/go.mod h1:3gJS+iDprnj8SY6pe0SwLeC5BUW80NjhwX7INWEuWGU=
cloud.google.com/go/videointelligence v1.11.2 h1:vAKuM4YHwZy1W5P7hGJdfXriovqHHUZKhDBq8o4nqfg=
cloud.google.com/go/videointelligence v1.11.2/go.mod h1:ocfIGYtIVmIcWk1DsSGOoDiXca4vaZQII1C85qtoplc=
cloud.google.com/go/vision/v2 v2.7.3 h1:o8iiH4UsI6O8wO2Ax2r88fLG1RzYQIFevUQY7hXPZeM=
cloud.google.com/go/vision/v2 v2.7.3/go.mod h1:V0IcLCY7W+hpMKXK1JYE0LV5llEqVmj+UJChjvA1WsM=
cloud.google.com/go/vmmigration v1.7.2 h1:ObE8VWzL+xkU22IsPEMvPCWArnSQ85dEwR5fzgaOvA4=
cloud.google.com/go/vmmigration v1.7.2/go.mod h1:iA2hVj22sm2LLYXGPT1pB63mXHhrH1m/ruux9TwWLd8=
cloud.google.com/go/vmwareengine v1.0.1 h1:Bj9WECvQk1fkx8IG7gqII3+g1CzhqkPOV84WXvifpFg=
cloud.google.com/go/vmwareengine v1.0.1/go.mod h1:aT3Xsm5sNx0QShk1Jc1B8OddrxAScYLwzVoaiXfdzzk=
cloud.google.com/go/vpcaccess v1.7.2 h1:3qKiWvzK07eIa943mCvkcZB4gimxaQKKGdNoX01ps7A=
cloud.google.com/go/vpcaccess v1.7.2/go.mod h1:mmg/MnRHv+3e8FJUjeSibVFvQF1cCy2MsFaFqxeY1HU=
cloud.google.com/go/webrisk v1.9.2 h1:1NZppagzdGO0hVMJsUhZQ5a3Iu2cNyNObu85VFcvIVA=
cloud.google.com/go/webrisk v1.9.2/go.mod h1:pY9kfDgAqxUpDBOrG4w8deLfhvJmejKB0qd/5uQIPBc=
cloud.google.com/go/websecurityscanner v1.6.2 h1:V7PhbJ2OvpGHINL67RBhpwU3+g4MOoqOeL/sFYrogeE=
cloud.google.com/go/websecurityscanner v1.6.2/go.mod h1:7YgjuU5tun7Eg2kpKgGnDuEOXWIrh8x8lWrJT4zfmas=
cloud.google.com/go/workflows v1.12.1 h1:jvhSfcfAoOt0nILm7aZPJAHdpoe571qrJyc2ZlngaJk=
cloud.google.com/go/workflows v1.12.1/go.mod h1:5A95OhD/edtOhQd/O741NSfIMezNTbCwLM1P1tBRGHM=
github.com/golang/protobuf v1.5.0/go.mod h1:FsONVRAS9T7sI+LIUmWTfcYkHO4aIWwzhcaSAoJOfIk=
github.com/golang/protobuf v1.5.3 h1:KhyjKVUg7Usr/dYsdSqoFveMYd5ko72D+zANwlG1mmg=
github.com/golang/protobuf v1.5.3/go.mod h1:XVQd3VNwM+JqD3oG2Ue2ip4fOMUkwXdXDdiuN0vRsmY=
github.com/google/go-cmp v0.5.5/go.mod h1:v8dTdLbMG2kIc/vJvl+f65V22dbkXbowE6jgT/gNBxE=
github.com/google/go-cmp v0.5.9 h1:O2Tfq5qg4qc4AmwVlvv0oLiVAGB7enBSJ2x2DqQFi38=
golang.org/x/net v0.17.0 h1:pVaXccu2ozPjCXewfr1S7xza/zcXTity9cCdXQYSjIM=
golang.org/x/net v0.17.0/go.mod h1:NxSsAGuq816PNPmqtQdLE42eU2Fs7NoRIZrHJAlaCOE=
golang.org/x/sys v0.13.0 h1:Af8nKPmuFypiUBjVoU9V20FiaFXOcuZI21p0ycVYYGE=
golang.org/x/sys v0.13.0/go.mod h1:oPkhp1MJrh7nUepCBck5+mAzfO9JrbApNNgaTdGDITg=
golang.org/x/text v0.13.0 h1:ablQoSUd0tRdKxZewP80B+BaqeKJuVhuRxj/dkrun3k=
golang.org/x/text v0.13.0/go.mod h1:TvPlkZtksWOMsz7fbANvkp4WM8x/WCo/om8BMLbz+aE=
golang.org/x/xerrors v0.0.0-20191204190536-9bdfabe68543/go.mod h1:I/5z698sn9Ka8TeJc9MKroUUfqBBauWjQqLJ2OPfmY0=
google.golang.org/genproto/googleapis/api v0.0.0-20231012201019-e917dd12ba7a h1:myvhA4is3vrit1a6NZCWBIwN0kNEnX21DJOJX/NvIfI=
google.golang.org/genproto/googleapis/api v0.0.0-20231012201019-e917dd12ba7a/go.mod h1:SUBoKXbI1Efip18FClrQVGjWcyd0QZd8KkvdP34t7ww=
google.golang.org/genproto/googleapis/rpc v0.0.0-20231012201019-e917dd12ba7a h1:a2MQQVoTo96JC9PMGtGBymLp7+/RzpFc2yX/9WfFg1c=
google.golang.org/genproto/googleapis/rpc v0.0.0-20231012201019-e917dd12ba7a/go.mod h1:4cYg8o5yUbm77w8ZX00LhMVNl/YVBFJRYWDc0uYWMs0=
google.golang.org/grpc v1.58.3 h1:BjnpXut1btbtgN/6sp+brB2Kbm2LjNXnidYujAVbSoQ=
google.golang.org/grpc v1.58.3/go.mod h1:tgX3ZQDlNJGU96V6yHh1T/JeoBQ2TXdr43YbYSsCJk0=
google.golang.org/protobuf v1.26.0-rc.1/go.mod h1:jlhhOSvTdKEhbULTjvd4ARK9grFBp09yW+WbY/TyQbw=
google.golang.org/protobuf v1.26.0/go.mod h1:9q0QmTI4eRPtz6boOQmLYwt+qCgq0jsYwAQnmE0givc=
google.golang.org/protobuf v1.31.0 h1:g0LDEJHgrBl9N9r17Ru3sqWhkIx2NB67okBHPwC7hs8=
google.golang.org/protobuf v1.31.0/go.mod h1:HV8QOd/L58Z+nl8r43ehVNZIU/HEI6OcFqwMG9pJV4I=
