cloud.google.com/go/accessapproval v1.12.0 h1:K/tJoF5rzPzNcIxTx7PxkwUwmdNT3d8Eva+/48o3tWc=
cloud.google.com/go/accessapproval v1.12.0/go.mod h1:7bmInw17bQX+ZPi7YmReC3xKymDrMmxXaUnaI6zQOqI=
cloud.google.com/go/accesscontextmanager v1.13.0 h1:HbDG3WCfuEdFMPgMb7fKfEVMG2jLebGZyvZPv7jAuMs=
cloud.google.com/go/accesscontextmanager v1.13.0/go.mod h1:VO15iVnsM0FO9Dt8hSFPgkuHRZjq6LEYZq1szJ27U2k=
cloud.google.com/go/aiplatform v1.125.0 h1:QUGv+XaHN9wcWdb0/J0NFIcaP/veQSvDcqg4GH6QiP4=
cloud.google.com/go/aiplatform v1.125.0/go.mod h1:yWTZiCunYDnyxeWWD14tDo6+BMlvAUCC5VxuxhvbrVI=
cloud.google.com/go/analytics v0.34.0 h1:Q8p1wwEnWzdU6Gs7aqi+x+U+EhpAHCjkjlMmQQ8e+mE=
cloud.google.com/go/analytics v0.34.0/go.mod h1:V9Qef2N0y8GDqQ9FTlmM2XpDEMYonZJRPSUNGZlPCcc=
cloud.google.com/go/apigateway v1.11.0 h1:81qycKTBoND/Qig7b/LNFOEK5TplZLkB33GQ0UCJIPE=
cloud.google.com/go/apigateway v1.11.0/go.mod h1:f3Sk8Tdh1Ty5HR7kgbWB6Yu1M82LM+nIr5DTMZnLZWk=
cloud.google.com/go/apigeeconnect v1.11.0 h1:6LWKmE1h4CMEnjcefXfJQs+IXqxp9V054blVcotJ4aM=
cloud.google.com/go/apigeeconnect v1.11.0/go.mod h1:mYJekCKZHc2ia5yZX5lwtexTn9CzsOfb6+sh/2hi42Q=
cloud.google.com/go/apigeeregistry v0.14.0 h1:mHBM3GSKKK62yILPHQ8J2iPWe8jx3XCbi9bOwALuR+E=
cloud.google.com/go/apigeeregistry v0.14.0/go.mod h1:o+j6eA8hYhTWX5gEqMMBVDWY+/QQFrYe/YJBsO19pn0=
cloud.google.com/go/appengine v1.13.0 h1:njiT9ijm2foLFwO8CGkkILEmN0uuKHnlBKGNmZtNftE=
cloud.google.com/go/appengine v1.13.0/go.mod h1:JMjrVFg+YgfksZCWbtA3TgbKbPfZZtapB9cGL/5WVnM=
cloud.google.com/go/area120 v0.14.0 h1:8n98Iv69S0vLSLziP+XeSasFlNq/HD1rx4Xe5qhxTIs=
cloud.google.com/go/area120 v0.14.0/go.mod h1:jD1fw9W4xxIZMY68g7PpbCPleoeGddFs5jPcdhfg3+Y=
cloud.google.com/go/artifactregistry v1.24.0 h1:643LAqSz5PDK7+Fm9N2YdEd37solZ2F2C/pN8aaacAs=
cloud.google.com/go/artifactregistry v1.24.0/go.mod h1:aMmdtqKVmbuxCCb/NGDJYZHsK6AtqlcyvD05ACzs1n8=
cloud.google.com/go/asset v1.26.0 h1:H/t8Nnint3A8b3wHPlZd6FQdjaX1mOdE3u+925+xwDk=
cloud.google.com/go/asset v1.26.0/go.mod h1:+HaDReZQAh/0syAf0uTMeUrMfXikr+KKyDtCdvf7j4M=
cloud.google.com/go/assuredworkloads v1.17.0 h1:dIyZuKFsdhK92VbwHPlUydhTF9k9bqu6K09XNARZnBI=
cloud.google.com/go/assuredworkloads v1.17.0/go.mod h1:zBnVYn0E+sDW/mhEmcg1R8+8tguXrtBgmfGY0q34kss=
cloud.google.com/go/automl v1.19.0 h1:3OiLK9lQHS2K7oszu1yXmrGp48Rgx2XYl5MQTJpNFhI=
cloud.google.com/go/automl v1.19.0/go.mod h1:OkHxjbVDblDafhwuP8yEkz1xcUJhgcbhbsieCW7GaiI=
cloud.google.com/go/baremetalsolution v1.8.0 h1:xfzP0R2tDL7XmZSVxZW659Gh+MkxSuNtYXIHmRdDZ/c=
cloud.google.com/go/baremetalsolution v1.8.0/go.mod h1:o+stutiS8t+HmjNIG92Gkn8H9+5/q27d6lQp7e9GWdg=
cloud.google.com/go/batch v1.18.0 h1:fEePwS5ZYn6mDaLMur2N9lBCw4AwPEpgFhOnKMUjo1Y=
cloud.google.com/go/batch v1.18.0/go.mod h1:dpWfhLmLQZqsTBAFYjZA3pS04fCY5ttTenZcWmSeILw=
cloud.google.com/go/beyondcorp v1.6.0 h1:nHr5ZRVSfY2y+Vy20nVzlR8+BGOxgkIPRwIXB1XYnnU=
cloud.google.com/go/beyondcorp v1.6.0/go.mod h1:vujdO0wfsBV2y1egrJxGtwKZr5P5V6bIHKWp1phWHBY=
cloud.google.com/go/bigquery v1.76.0 h1:wnfVSXN6GEMlsAoHWdhzTC8NMsptOx2hsqPiI+lTs3I=
cloud.google.com/go/bigquery v1.76.0/go.mod h1:J4wuqka/1hEpdJxH2oBrUR0vjTD+r7drGkpcA3yqERM=
cloud.google.com/go/bigtable v1.47.0 h1:NGLgDSr/i79BTGCjxH/maPKxyvl5q8/SsBsyLK52kdI=
cloud.google.com/go/bigtable v1.47.0/go.mod h1:GUM6PdkG3rrDse9kugqvX5+ktwo3ldfLtLi1VFn5Wj4=
cloud.google.com/go/billing v1.25.0 h1:7niRj1RzD5FapTBrzIrV/I8NdTwVJBUvmSpQOjDxYqY=
cloud.google.com/go/billing v1.25.0/go.mod h1:axqDO1uHegh7u5qngkTfqN1djAeLGsWAFAblERgmgEk=
cloud.google.com/go/binaryauthorization v1.14.0 h1:Uo5ClL6gC4wJn4zzKHmjN8AakcZlqXLeEuJilEZdDgQ=
cloud.google.com/go/binaryauthorization v1.14.0/go.mod h1:+0CndCJPtcHuVCNok+qQskWvbP5Sp5m6eGL8Vpu5mss=
cloud.google.com/go/certificatemanager v1.13.0 h1:s+4ku7F+3vgq9fseWyckqCJ0vw15XBWZxJo0hT0ak4g=
cloud.google.com/go/certificatemanager v1.13.0/go.mod h1:QOA8qRoM6/Ik03+srLnBykenGTy0fk78dnPcx5ZWOW8=
cloud.google.com/go/channel v1.25.0 h1:8wi6x+fBsuKXFMcsiEnYtg10A7A1AEQj4Jw802N1BSM=
cloud.google.com/go/channel v1.25.0/go.mod h1:04T5Wjq+mHlvEUNzExydnBW1vO64q3Q2Wsblp/dpBxY=
cloud.google.com/go/cloudbuild v1.29.0 h1:Qk0blTJ6X2C3y6hFr+w8QPFsmTvdPAX3+lDXE1ZcYyQ=
cloud.google.com/go/cloudbuild v1.29.0/go.mod h1:rg52xEmndQQPiC9NV/8sCaVtKxHMU9D9MeU+oE9VGKA=
cloud.google.com/go/clouddms v1.12.0 h1:rTsqp94ZcFlJFO5+vuPrkb1h/gNTgJvzGbFqYuVJmLc=
cloud.google.com/go/clouddms v1.12.0/go.mod h1:aMgrOZ+/EKF/PL+h1sDbS+7fAIYV5rTwD+G/apCeHQk=
cloud.google.com/go/cloudtasks v1.17.0 h1:3+U2YGq0fvEqQxdgknsjD5m+QNwah0QZYJOylNQLA1U=
cloud.google.com/go/cloudtasks v1.17.0/go.mod h1:3KeCxwtGEyaySL7CR3lMmEa2I4mq1ynXdgmfNiO4RYE=
cloud.google.com/go/compute v1.61.0 h1:EEmWRSTwKzAy7uK97BFopgJu2Jgh2QHQVCc/uM7Cskw=
cloud.google.com/go/compute v1.61.0/go.mod h1:Xm6PbsLgBpAg4va77ljbBdpMjzuU+uPp5Ze2dnZq7lw=
cloud.google.com/go/contactcenterinsights v1.21.0 h1:7Ocg6isi2bPvy2kM69ID2hRAdc+J0mc+hDWuxv/h0iQ=
cloud.google.com/go/contactcenterinsights v1.21.0/go.mod h1:2Crd36H59Lwkt4gWrLgmnbnF59IIZIa3XYt1gtNqJkQ=
cloud.google.com/go/container v1.49.0 h1:K4nmtmJezHOzsIyedAOv1Ok36krw1apFmo4zXBaRL1A=
cloud.google.com/go/container v1.49.0/go.mod h1:EvqoT2eXfxLweXXUlhAMGR0sOAB00XPzEjoL01esSDs=
cloud.google.com/go/containeranalysis v0.18.0 h1:eA0pDY8g6RNiwKjkmLpdlag0/gvlAAAOjtwetmLxKrM=
cloud.google.com/go/containeranalysis v0.18.0/go.mod h1:Zq0XHzUIa0oTa7H6aSR8HWqeJnoRI9syUcYJzfozjZQ=
cloud.google.com/go/datacatalog v1.30.0 h1:pqUd8jOITsa+zQ85j2Uij7WuD3T5nVQ/PdH+tg2VdGE=
cloud.google.com/go/datacatalog v1.30.0/go.mod h1:MP8V3kNuESnwMk4mB6zdWmw/4KQ5xZ8dyUNVsggqN5I=
cloud.google.com/go/dataflow v0.15.0 h1:bI0AvlPkMjpYwYn4DPi9YeiPyybDbzaKAK00f0hukw4=
cloud.google.com/go/dataflow v0.15.0/go.mod h1:BWhSrIGmsMfuYj3J+nJ2Tw7tplRR6r28kvRiqCD3WlQ=
cloud.google.com/go/dataform v0.18.0 h1:oCHCVKK4V1OEk6sVQR3LljS++z1oVSy3D9UJIx0Bdyw=
cloud.google.com/go/dataform v0.18.0/go.mod h1:i1a0zkS751kvrY1IIPpUQZ77H5doxx7cs0AP3hnXTMk=
cloud.google.com/go/datafusion v1.12.0 h1:Vi2OM7RksOrhF1+EYgBAPmuXulW++ub6qKZ7lFI3y98=
cloud.google.com/go/datafusion v1.12.0/go.mod h1:MQdANs3I/4gitzY+mTBx27rrQyMiUg8uc2Z4TPLWWfc=
cloud.google.com/go/datalabeling v0.13.0 h1:YZTpLuebygYnQszVJEHiRA2smjdmkBZ5NdwTB8FOqeU=
cloud.google.com/go/datalabeling v0.13.0/go.mod h1:DYjvP4RhQ0332YgO22APYlBjCebb+SCaS0e2KApDq/Q=
cloud.google.com/go/dataplex v1.33.0 h1:e2FI+kPCDPCn9FUMNFntKrA1p960LQuJMeyIzDwDoUM=
cloud.google.com/go/dataplex v1.33.0/go.mod h1:sOazL+Bs/PTxiMHQ5yBboBvEW9qPrpGogx3+RAgfIt8=
cloud.google.com/go/dataproc/v2 v2.20.0 h1:hO6p3EMG5mYJyk8FASPvUSBf+HfCNGdvG1ILBFNN0kY=
cloud.google.com/go/dataproc/v2 v2.20.0/go.mod h1:oARVSa38kAHvSuG+cozsrY2sE6UajGuvOOf9vS+ADHI=
cloud.google.com/go/dataqna v0.13.0 h1:VR1y/NuN+RvPkmfmlowbmk60BLINR4MgZAusVFIGQjU=
cloud.google.com/go/dataqna v0.13.0/go.mod h1:XiVVFTOEJLBSvm3ILbyjXngGQYpjb/66MSksqz/56fs=
cloud.google.com/go/datastore v1.23.0 h1:mAlWN3tnQe1OqVM3UtYBIbWTz9aU83RgW4hXOrfm9P8=
cloud.google.com/go/datastore v1.23.0/go.mod h1:bOvQQekv4VACRJmH/MBy12MT6M3udfTuCyxw+tzY+8s=
cloud.google.com/go/datastream v1.19.0 h1:mF3zFZEDgGbtPubdmzpprPGMxIKzojGh6Cjyh27W6c8=
cloud.google.com/go/datastream v1.19.0/go.mod h1:uoWTtfP20W8MXuV2DPcl5zqnVsxQ9QEmmBHX858oYTQ=
cloud.google.com/go/deploy v1.31.0 h1:BIDc4criEM6b0YPzpxtu18UP9ntEyqWM11r+TRDWScU=
cloud.google.com/go/deploy v1.31.0/go.mod h1:lUG7maG/NkoTXmQ8G1mtcVymnbizfDJh6ER7vljVa/U=
cloud.google.com/go/dialogflow v1.81.0 h1:jGoloBvwKo+vC9h/Dwlmm9+0JJQ9Ebr8XrsZ0snoMNI=
cloud.google.com/go/dialogflow v1.81.0/go.mod h1:UtuiGOq9gAlTz9u4Vt+q1syMrx9ANQzTk+lC3WDdSOw=
cloud.google.com/go/dlp v1.33.0 h1:d80F49utpmE/l9Ns2hnI+FHp8mJtpnNv5p5HDB8HVVQ=
cloud.google.com/go/dlp v1.33.0/go.mod h1:+haQd/n0QTv5BK7wZnCk2qctd5sfKL50jjh9E6N0d/Q=
cloud.google.com/go/documentai v1.47.0 h1:XFEXBeYa9wSc69O34+wuhvRcY44OO1KzZ9Y0gwSuuS4=
cloud.google.com/go/documentai v1.47.0/go.mod h1:mGjfbNf0cqCHKgxMZZV7frbfoF9T2hKkU1h88QyOy3c=
cloud.google.com/go/domains v0.14.0 h1:55cOBt0EXd02Tsv8FIE82VohHQPlVpBsxPW9XLl3AFU=
cloud.google.com/go/domains v0.14.0/go.mod h1:BjoSVNc+LVwoHMnE2fxTQNzGLSWWb6f3a8VAN6+VjVk=
cloud.google.com/go/edgecontainer v1.8.0 h1:VhEJm5NK8KzEfXuV8zYbNKhse4J9sdSTa5vvj6S9CFo=
cloud.google.com/go/edgecontainer v1.8.0/go.mod h1:mZmgXuMGTGI6RUUTXsOZa+F2rFF21v0JPnuX7LQEqBE=
cloud.google.com/go/errorreporting v0.8.0 h1:aruwRS5dd0dlQ6xT64SYm5YpfDR/DKtRo2WAaKwXrb4=
cloud.google.com/go/errorreporting v0.8.0/go.mod h1:V7ojx7z76JITDZNGyDNkIIa9nNEkQzF6Yj+VHl2YF84=
cloud.google.com/go/essentialcontacts v1.11.0 h1:sBxO6OmFUJq6ZjDySW3jjapON9IT/XtHlh67svsQ9C0=
cloud.google.com/go/essentialcontacts v1.11.0/go.mod h1:W8fTL17jP6vmsPHQaCT5rOjWGohEssuqDUroxnjST0A=
cloud.google.com/go/eventarc v1.22.0 h1:6Oak8+1LJD4l1Y9M2MV6eH4rXyuzMElRDpkFGVEhza8=
cloud.google.com/go/eventarc v1.22.0/go.mod h1:tIJL0hoWtZXVa5MjcAep/4xB+AXz4AbqQV14ogX5VwU=
cloud.google.com/go/filestore v1.14.0 h1:TT3lQdWDwzjAJ6CoEDPgrWzor49NddGSnBnru+O7Kug=
cloud.google.com/go/filestore v1.14.0/go.mod h1:oD+PvCWu4HqfEdNv65yk2XaLIiP7h4AuAH9Ua5YBRTM=
cloud.google.com/go/firestore v1.22.0 h1:avooeboIq37vKXobrbPUFhFBxS/c3FqmWoX0xs8dO6E=
cloud.google.com/go/firestore v1.22.0/go.mod h1:PaM4i7i7ruALSKmlpHXXZaPObcZw0W7ie5UOPr72iTU=
cloud.google.com/go/functions v1.23.0 h1:PmeSpwKhGfx+u4yLb94/Svalr3telsiEwy711jNgK/s=
cloud.google.com/go/functions v1.23.0/go.mod h1:t40GeqBAQNuqKlHCxmV/pxhyYJnImLcvRa3GBv4tAy0=
cloud.google.com/go/gkebackup v1.12.0 h1:fEFJ7Yp4q+iZGGerFsVtoXRrPl4qKM/WIgwvtvUdYdY=
cloud.google.com/go/gkebackup v1.12.0/go.mod h1:D2MDbHW4V/uKCmS9TnT8hNKX2tPkE/pWp9nSm0TQ9hY=
cloud.google.com/go/gkeconnect v0.16.0 h1:FMUrJSjLUj9Nlp73nZAkSblEQIXyq284IZ0VTCUhAjA=
cloud.google.com/go/gkeconnect v0.16.0/go.mod h1:5iWSBQzMIRLwUHUWVhxxcNK45ZPE8ntyBgE0MkavlqQ=
cloud.google.com/go/gkehub v0.20.0 h1:Sr1G40ykv/fnCGz0IpDXCLhw4gZz797QMHrnsuv3+/w=
cloud.google.com/go/gkehub v0.20.0/go.mod h1:xKePlMrI8LpKErzKMWdH/yQv+GDV60ypCNfTTdT+BN0=
cloud.google.com/go/gkemulticloud v1.10.0 h1:c7wRgpJYEGbYGBrWD6VY8m3wCw7FUWqJVoMZoP8Na+c=
cloud.google.com/go/gkemulticloud v1.10.0/go.mod h1:OtfHtgqOgDrXfcdFw8eUkCUI154Q51vvdqZYZV4c4qM=
cloud.google.com/go/gsuiteaddons v1.11.0 h1:oD1G0MEA6SAvSFfPYXRB9xTZv6pXLjKRdFSn4SMRcUM=
cloud.google.com/go/gsuiteaddons v1.11.0/go.mod h1:rm/XT7wmwOFGn7jmWtVV65QmZCakzTbHLSojIC4Hskg=
cloud.google.com/go/iam v1.10.0 h1:cWWt8u8jXv3MzpvBmQgNClvvbVCRukruCJAnoK3fIJY=
cloud.google.com/go/iam v1.10.0/go.mod h1:KP+nKGugNJW4LcLx1uEZcq1ok5sQHFaQehQNl4QDgV4=
cloud.google.com/go/iap v1.16.0 h1:qXjvhu9ZOEk7rXuUNvzhOUscbSoTM+CpaEEv/oC1REc=
cloud.google.com/go/iap v1.16.0/go.mod h1:b+r+yjrss2WmAEzNrQQjlEdD5E9B8c47mOF7XnqT+z0=
cloud.google.com/go/ids v1.9.0 h1:x+XOsplPGNwve0g2Xc9R7pdyrByKveRn51VFzEAH46w=
cloud.google.com/go/ids v1.9.0/go.mod h1:uCSFrXfCnRUKBl5PdE/ZqBNp1+vKSKPWpdYGa61WjpQ=
cloud.google.com/go/iot v1.12.0 h1:yWxiJYsbVDO/YJFUH4ZUkNuQTvAepm1YF1mCS7EDUeU=
cloud.google.com/go/iot v1.12.0/go.mod h1:62W4n2fe/Ct66NWJEfCB5suZ3XsL5Atx+MxFjScr+9s=
cloud.google.com/go/kms v1.30.0 h1:TSEZopy/OXojbVCQS9Rrx0jFqdKWvO31+N8ncXbxG/s=
cloud.google.com/go/kms v1.30.0/go.mod h1:YIyXZym11R5uovJJt4oN5eUL3oPmirF3yKeIh6QAf4U=
cloud.google.com/go/language v1.18.0 h1:q58bL7rmxvw6Q6VHt+wjFsAE1Tj/JkuAEIR4+84rx9U=
cloud.google.com/go/language v1.18.0/go.mod h1:xSeiVB4UiA9wYmFy2GWjf1Mb1K3uR1Yi/80qoqTxH04=
cloud.google.com/go/lifesciences v0.14.0 h1:vFrhi0WoPOhbR+IamEAGAK+8c6WcYrWzl/qDB2ebu9E=
cloud.google.com/go/lifesciences v0.14.0/go.mod h1:FwS+QkqPdVWl4SmKUCFozFvsTVWTLH13HCKcwR/MR9U=
cloud.google.com/go/logging v1.17.0 h1:rUFekZYwHiKElXCyz3zYBGz4BOeIqzgCKxVLdgrZ5mY=
cloud.google.com/go/logging v1.17.0/go.mod h1:ZGKnpBaURITh+g/uom2VhbiFoFWvejcrHPDhxFtU/gI=
cloud.google.com/go/longrunning v0.12.0 h1:wLv2hXvID9zHejLtcPo1B0JBjErnwZCYAPKSTa65xpY=
cloud.google.com/go/longrunning v0.12.0/go.mod h1:8nqFBPOO1U/XkhWl0I19AMZEphrHi73VNABIpKYaTwM=
cloud.google.com/go/managedidentities v1.11.0 h1:1CfubqKqg35B7BJ3HP1VJZAyCbmXre+J14DcUE5uQZI=
cloud.google.com/go/managedidentities v1.11.0/go.mod h1:rm72jf/v//0NG73VQNZM1JlV2E95uhJymmSXlgi6hMA=
cloud.google.com/go/maps v1.34.0 h1:NrTztvHKc7VIExaOeuYiaii1Q0Jih7Tzy8bBgi9xTAU=
cloud.google.com/go/maps v1.34.0/go.mod h1:HH1V8tduMn+b9oRMCdl3vok98uvHco/wElZXyJQ/9kU=
cloud.google.com/go/mediatranslation v0.13.0 h1:qqMRAK0mhc9M+lM6pb791oh3DYUbwLcIy58jOyXtadE=
cloud.google.com/go/mediatranslation v0.13.0/go.mod h1:kjZrowuigFr+Bf1HM1TCtp1a3E3kfG1ovPK5VEuaNAQ=
cloud.google.com/go/memcache v1.15.0 h1:evWwZZcrtGe+tu1EO8r9gg5quuUvGFf39eXIbcdUYZw=
cloud.google.com/go/memcache v1.15.0/go.mod h1:y/rXhJiieCF742K958dY29fSfM+Y3wh2thRmWspU2Dg=
cloud.google.com/go/metastore v1.18.0 h1:jkfggf3Puc9vMwHxohYb3mXWKsaJVTTWfXj1pjHR58g=
cloud.google.com/go/metastore v1.18.0/go.mod h1:JGTjGdQ627m2ptDo86XsIKqzzZCk+GG41VEFD7ENsqs=
cloud.google.com/go/monitoring v1.28.0 h1:jOe0Wkm+a56ptZnEeyHevXo7+KPWAPPP5wUTEJdP7GY=
cloud.google.com/go/monitoring v1.28.0/go.mod h1:72NOVjJXHY/HBfoLT0+qlCZBT059+9VXLeAnL2PeeVM=
cloud.google.com/go/networkconnectivity v1.25.0 h1:fDlIjBnrLxaPR2qJFhAqkb3PgwJdydaHtvQIXXK2PCE=
cloud.google.com/go/networkconnectivity v1.25.0/go.mod h1:Uhzfk7NbiY6RNqV9XFvPWRji58+MkTYsTRfQ3EPtrGg=
cloud.google.com/go/networkmanagement v1.27.0 h1:VuYm4D7TEOz0Y4hpDhPydrfyRZohdzcjkPZBtcm1cfM=
cloud.google.com/go/networkmanagement v1.27.0/go.mod h1:2YogSU3sD7LvtmWntUAuGARbFQmy3A0En3LrJr69jkU=
cloud.google.com/go/networksecurity v0.15.0 h1:AODEDt8Jia8RPaTr9FJuhMm4aBfd8tKIcToBcImqmU0=
cloud.google.com/go/networksecurity v0.15.0/go.mod h1:LMn10eRVf4K85PMF33yRoKAra7VhCOetxFcLDMh9A74=
cloud.google.com/go/notebooks v1.16.0 h1:GCm8CunNvaJ2L/VImbD4nwEkIvtaQZ8DrQzlt+HRcYk=
cloud.google.com/go/notebooks v1.16.0/go.mod h1:NScGIhfQCqLRIlVaUVbm595F6dhqiTl5XS1KaKgitKM=
cloud.google.com/go/optimization v1.11.0 h1:lh0CcgHOGEAilUn4xS4/gIsSZA4AmTqEhGXdpz6Z+N0=
cloud.google.com/go/optimization v1.11.0/go.mod h1:qCWskZMcynh0GBsUrCP6oPwwnUhbwg5UcXvVM9hzOD8=
cloud.google.com/go/orchestration v1.15.0 h1:gBgA4KGsjI6L4WA6CBq1fGSZKLCCNn9VZnf3NLrKM74=
cloud.google.com/go/orchestration v1.15.0/go.mod h1:H7MFVP8Z/dtml39nf43sWYPL/2o7J4tdSZAlJrBuqnQ=
cloud.google.com/go/orgpolicy v1.19.0 h1:XM9+PZG56PPD3x5bobWL3ihTHTXEzZPY3yGDnFYga0U=
cloud.google.com/go/orgpolicy v1.19.0/go.mod h1:9LHqEGx5P5dhansdKTNIEXpM+QbebAIOs66+HUID4aQ=
cloud.google.com/go/osconfig v1.20.0 h1:8z8MWz674GXo5bzgrJKpkFb9SFX45a4jk4DOHChip8E=
cloud.google.com/go/osconfig v1.20.0/go.mod h1:BofnHqjjvu6lZQv/hqo2+rLCUiY4O6A9UYwwvVrSBjk=
cloud.google.com/go/oslogin v1.18.0 h1:OkccORMcY2XEHwN5+AP0XH/SCUNBl39GGjaQuSCVcIw=
cloud.google.com/go/oslogin v1.18.0/go.mod h1:3Oa36T3781Mv+yCSVYlfasi7auHjfPFqvNOd1q92umc=
cloud.google.com/go/phishingprotection v0.13.0 h1:6WJF1z3Ie8fZAiCRpeSGB81h6s86XWS2SBC9iQUZxX8=
cloud.google.com/go/phishingprotection v0.13.0/go.mod h1:2gyYqwNjePPEocXDkDve3EuJPaRqN/E7fp28K3arR0k=
cloud.google.com/go/policytroubleshooter v1.15.0 h1:nHNbD/2XYM5krsBN9C1W+qSFOlOcbbjct51LXCM1qig=
cloud.google.com/go/policytroubleshooter v1.15.0/go.mod h1:yNuROjN6h+2/TE2JOvBBJMjYIjC6j0UYHq8f2kVHlA4=
cloud.google.com/go/privatecatalog v0.14.0 h1:miph29KPTy2wpi7yts88ywkPhtDg4bUvKSRqCWLm1d0=
cloud.google.com/go/privatecatalog v0.14.0/go.mod h1:av2b5Rv+oG5ORxUqGlCAYO9s4pXjgc6q2qO9nkTcqT8=
cloud.google.com/go/pubsub v1.50.2 h1:54Up97HnThdP4H8jjWJSSQ/mnYG2EKon7ZSNETRq0tM=
cloud.google.com/go/pubsub v1.50.2/go.mod h1:jyCWeZdGFqd4mitSsBERnJcpqaHBsxQoPkNvjj4sp0w=
cloud.google.com/go/pubsub/v2 v2.5.1 h1:+TwXJr78P9RrMV3S8lKHIhJo2E99jI7ta65e+ujJjts=
cloud.google.com/go/pubsub/v2 v2.5.1/go.mod h1:Pd+qeabMX+576vQJhTN7TelE4k6kJh15dLU/ptOQ/UA=
cloud.google.com/go/pubsublite v1.8.2 h1:jLQozsEVr+c6tOU13vDugtnaBSUy/PD5zK6mhm+uF1Y=
cloud.google.com/go/pubsublite v1.8.2/go.mod h1:4r8GSa9NznExjuLPEJlF1VjOPOpgf3IT6k8x/YgaOPI=
cloud.google.com/go/recaptchaenterprise/v2 v2.25.0 h1:OxQcKji5uFB9K1UWy0oijn2baoTsRXXGozTOF0JZf1g=
cloud.google.com/go/recaptchaenterprise/v2 v2.25.0/go.mod h1:+ntF70/j7qBa6G/pwmYA0mkBcDeTCXV6WDqUL7GObfs=
cloud.google.com/go/recommendationengine v0.13.0 h1:kUcZLaelAwMnit6zwpJurPd+0+bmEqTHjteU+HtiFo0=
cloud.google.com/go/recommendationengine v0.13.0/go.mod h1:UP9cN46tDpZ/N57eDYIWeIRHjMOchtiIyjWjV0Dvr3k=
cloud.google.com/go/recommender v1.17.0 h1:pvtOLPVTCwMoG8FIQcvsCu9KeHXEIASPFXFoM/iaIqw=
cloud.google.com/go/recommender v1.17.0/go.mod h1:INRBLfBQJCrgPqjBVFht4OjaFq/WhB/c5V1sqBOdX8g=
cloud.google.com/go/redis v1.22.0 h1:wkNYXLrxXhPd/ChgiN+Ly+ALa462tLWgn3NWa48SfZc=
cloud.google.com/go/redis v1.22.0/go.mod h1:EUlUT24BAL6LsE1f/N9Bg3LhRCfH+LzwLGbst3KuZRw=
cloud.google.com/go/resourcemanager v1.14.0 h1:kmMsbG79pIAEZA0nMjI8MUfLFLFvkHKxlh4lBlNc+ws=
cloud.google.com/go/resourcemanager v1.14.0/go.mod h1:ve0VNxPoDU6XxDuEMCjkineb0YzXQXx3mOWwnNckGDE=
cloud.google.com/go/resourcesettings v1.8.3 h1:13HOFU7v4cEvIHXSAQbinF4wp2Baybbq7q9FMctg1Ek=
cloud.google.com/go/resourcesettings v1.8.3/go.mod h1:BzgfXFHIWOOmHe6ZV9+r3OWfpHJgnqXy8jqwx4zTMLw=
cloud.google.com/go/retail v1.30.0 h1:JI7hMLZ/7J0Rr+0f/lmKgOmyrkp/rcR9nMXISxEofZA=
cloud.google.com/go/retail v1.30.0/go.mod h1:sfq/cT+gfSLuURf/mdVAw5n0pav3hxSP1rT8RfL7Qxk=
cloud.google.com/go/run v1.20.0 h1:BLDGMxlQsKFhMqmN5IaV85JHPLU2rz/drmIKeKKfPGo=
cloud.google.com/go/run v1.20.0/go.mod h1:Z5wHbyFirI8XU48EPs5XJf/qmVm1SXZEhuS8EvZOuQU=
cloud.google.com/go/scheduler v1.15.0 h1:A2Nk06H9kZJfzTS/hA4ub5OtwxlKreI+VW0G8GoOhBE=
cloud.google.com/go/scheduler v1.15.0/go.mod h1:0hsZg0MZJADyke1lutI0FHAYJR8Dtm8oIivXkmpACkA=
cloud.google.com/go/secretmanager v1.20.0 h1:GjE3NoyFXo7ipRPy26PMmg4oRX1Ra8fswH45r16rWV0=
cloud.google.com/go/secretmanager v1.20.0/go.mod h1:9OmSuOeiiUicANglrbdKWSnT3gYkRcXuUQDk7dDW0zU=
cloud.google.com/go/security v1.23.0 h1:ZhBxHb+bzuR8fhMQaqadJVsOFnMjYfmU/LZWMO/YSNE=
cloud.google.com/go/security v1.23.0/go.mod h1:XaB3p0SE7v2bBitsLBb1hM6R8/oI/k/IujpXFJalFK0=
cloud.google.com/go/securitycenter v1.43.0 h1:+I3wwAFjRxp12Avil9RfKiTa3B6E24a/XPoyiqGbE40=
cloud.google.com/go/securitycenter v1.43.0/go.mod h1:7BMMbSTAddVfiE+HrC8tKS6SuRkyK7FRPlkpAZBRV3U=
cloud.google.com/go/servicedirectory v1.16.0 h1:xFrEdZXw2tXfFqojAMUrvukEj7x4uhwp7QYyLRnt45U=
cloud.google.com/go/servicedirectory v1.16.0/go.mod h1:CtgjXS1idj3s9Q6tB68021Rzk8Q6decV6+ldXC1BoBk=
cloud.google.com/go/shell v1.12.0 h1:eDwvv8ya1BCHCwHCzEIYp/9maLhGCco0LIjeGT4evBA=
cloud.google.com/go/shell v1.12.0/go.mod h1:TivWrVriy6xQ0wBjNJJridJgODZz8zXUEW2u48kynzY=
cloud.google.com/go/spanner v1.91.0 h1:XwXfcZ0kc1NT9Uu2IsThFiWtYptB+WgLn/KZEZcyzRg=
cloud.google.com/go/spanner v1.91.0/go.mod h1:8NB5a7qgwIhGD19Ly+vkpKffPL78vIG9RcrgsuREha0=
cloud.google.com/go/speech v1.34.0 h1:20mFnS6VBeueaDVYiMCYhdSp22M6707WKocsmmcZv3k=
cloud.google.com/go/speech v1.34.0/go.mod h1:shnf33sZbGnQQZyek1fdLOR5rRKV6D3jsNqpqyijvj8=
cloud.google.com/go/storagetransfer v1.17.0 h1:EoS6v5yWxk+Tabd1zhgYYstxSejP3AnsFG0TiymWvng=
cloud.google.com/go/storagetransfer v1.17.0/go.mod h1:AbGutEym/KNasoiDpSj/CYbigp5yhgosSgwlhGvQNs4=
cloud.google.com/go/talent v1.12.0 h1:VLyq4fPpTgDMeOrcdPMM9/XAMeNUPCI+BBKsdtytGTw=
cloud.google.com/go/talent v1.12.0/go.mod h1:GSwli9V25WQdzeuJDJWH9TlQmA8lPFn7yKsxowdxW9Y=
cloud.google.com/go/texttospeech v1.20.0 h1:K9LjSjyWg3iHkZo7U4XOhN4xfg3ka4vLLmyNw4Q3Jjc=
cloud.google.com/go/texttospeech v1.20.0/go.mod h1:p/UVJILAo/S5vsJaWZVdDRzNzA7wXIA+hTACvpMeOBk=
cloud.google.com/go/tpu v1.12.0 h1:9Yj8p+2MvExHSYQu2j64uZhCVK7KCciExR/6PRn9WXU=
cloud.google.com/go/tpu v1.12.0/go.mod h1:F5gT5BL22Dhsr05JLHdMjAjj+wcTn3Xtuu4jvq9yFug=
cloud.google.com/go/trace v1.15.0 h1:kAYkTwKyYHkGtAGFuu6qaUFRBkOVr+d1Yo44yZtGtgg=
cloud.google.com/go/trace v1.15.0/go.mod h1:r+bdAn16dKLSV1G2D5v3e58IlQlizfxWrUfjx7kM7X0=
cloud.google.com/go/translate v1.16.0 h1:q+qZg5NQt726fNZx0mJFRdHz8qhSG9CmqzUDaLmbbQs=
cloud.google.com/go/translate v1.16.0/go.mod h1:3mErnHTQBu9yeLiL35K0HBBuaM6Vk2fD/vyWFz790VU=
cloud.google.com/go/video v1.31.0 h1:L+GyZG3h7Hu2J3B9cz5dD3R+YShuq5wAtdLUOxhBrBw=
cloud.google.com/go/video v1.31.0/go.mod h1:KxDL728ZzH+FJwtEb9XkiLTETW5bI37hTWbJiRYeXkk=
cloud.google.com/go/videointelligence v1.16.0 h1:WSvC2OI6Su3ulwz0aS7qOVQHO7ZtohUyI6GMqvETY/o=
cloud.google.com/go/videointelligence v1.16.0/go.mod h1:mmX1JpIWzwozaigrdRNjikZc3aFLNHFKh+OFwAdfiW4=
cloud.google.com/go/vision/v2 v2.13.0 h1:H+luz5OKzSWXPaR0ITZMPaJfqskMXmXCtRj9R9JzL9U=
cloud.google.com/go/vision/v2 v2.13.0/go.mod h1:ODlLCajJOq4t8thoi1uVvbnfIfix73HsYWhZuIveagQ=
cloud.google.com/go/vmmigration v1.14.0 h1:KZ8htMcXayz2B/5AjbyZ3c0F/JIJ1qiXmqGFHiDZa6E=
cloud.google.com/go/vmmigration v1.14.0/go.mod h1:MP6mQ21ru1usBeCbl805Ioz0Fy+yf3qK2kUkhZ69QQY=
cloud.google.com/go/vmwareengine v1.7.0 h1:JIYCMZbC5nK10qRXuM5eD7ZcM6K+jUu94t0Qq/A8gRM=
cloud.google.com/go/vmwareengine v1.7.0/go.mod h1:e66l90IZhm1yQfYZv+YCWjSNSklQZCRmuEvKL8n3Ua0=
cloud.google.com/go/vpcaccess v1.12.0 h1:FS8nUjj6SNKGTTUrmEUePIUn0UEQl3iRyDw/K4Fxc8o=
cloud.google.com/go/vpcaccess v1.12.0/go.mod h1:4Uus6E/9FYUtIrwBE1wJ1RosKwb02H6kEd9puJ02TL8=
cloud.google.com/go/webrisk v1.15.0 h1:+Z7EjuyeTb8K4Cx5skn1Bs+youb08SoURcaoaFfOP2E=
cloud.google.com/go/webrisk v1.15.0/go.mod h1:VIQw8smiaMOlget/xOk6niTkNJTiQc5skEmCuAksxJc=
cloud.google.com/go/websecurityscanner v1.11.0 h1:LRHVBVJ5lYkKaV8lNAonVEoXnv0cD57VAlx/iOHyj+8=
cloud.google.com/go/websecurityscanner v1.11.0/go.mod h1:cZSc9HqoFdccL1mqZtPIInOd4R8PBGwI20wdnrz6AO8=
cloud.google.com/go/workflows v1.18.0 h1:2s7JOd6Hc52CNJe+mXenMG3oDSboH/MDHOgGJNzMS+s=
cloud.google.com/go/workflows v1.18.0/go.mod h1:TWsrDGgsJy7xAJ07byzHhKKehEWItJG3BivEHVhGH5g=
github.com/cespare/xxhash/v2 v2.3.0 h1:UL815xU9SqsFlibzuggzjXhog7bL6oX9BbNZnL2UFvs=
github.com/cespare/xxhash/v2 v2.3.0/go.mod h1:VGX0DQ3Q6kWi7AoAeZDth3/j3BFtOZR5XLFGgcrjCOs=
github.com/go-logr/logr v1.4.3 h1:CjnDlHq8ikf6E492q6eKboGOC0T8CDaOvkHCIg8idEI=
github.com/go-logr/logr v1.4.3/go.mod h1:9T104GzyrTigFIr8wt5mBrctHMim0Nb2HLGrmQ40KvY=
github.com/go-logr/stdr v1.2.2 h1:hSWxHoqTgW2S2qGc0LTAI563KZ5YKYRhT3MFKZMbjag=
github.com/go-logr/stdr v1.2.2/go.mod h1:mMo/vtBO5dYbehREoey6XUKy/eSumjCCveDpRre4VKE=
github.com/golang/protobuf v1.5.4 h1:i7eJL8qZTpSEXOPTxNKhASYpMn+8e5Q6AdndVa1dWek=
github.com/golang/protobuf v1.5.4/go.mod h1:lnTiLA8Wa4RWRcIUkrtSVa5nRhsEGBg48fD6rSs7xps=
github.com/google/go-cmp v0.7.0 h1:wk8382ETsv4JYUZwIsn6YpYiWiBsYLSJiTsyBybVuN8=
github.com/google/go-cmp v0.7.0/go.mod h1:pXiqmnSA92OHEEa9HXL2W4E7lf9JzCmGVUdgjX3N/iU=
github.com/google/uuid v1.6.0 h1:NIvaJDMOsjHA8n1jAhLSgzrAzy1Hgr+hNrb57e+94F0=
github.com/google/uuid v1.6.0/go.mod h1:TIyPZe4MgqvfeYDBFedMoGGpEw/LqOeaOT+nhxU+yHo=
go.opentelemetry.io/auto/sdk v1.2.1 h1:jXsnJ4Lmnqd11kwkBV2LgLoFMZKizbCi5fNZ/ipaZ64=
go.opentelemetry.io/auto/sdk v1.2.1/go.mod h1:KRTj+aOaElaLi+wW1kO/DZRXwkF4C5xPbEe3ZiIhN7Y=
go.opentelemetry.io/otel v1.43.0 h1:mYIM03dnh5zfN7HautFE4ieIig9amkNANT+xcVxAj9I=
go.opentelemetry.io/otel v1.43.0/go.mod h1:JuG+u74mvjvcm8vj8pI5XiHy1zDeoCS2LB1spIq7Ay0=
go.opentelemetry.io/otel/metric v1.43.0 h1:d7638QeInOnuwOONPp4JAOGfbCEpYb+K6DVWvdxGzgM=
go.opentelemetry.io/otel/metric v1.43.0/go.mod h1:RDnPtIxvqlgO8GRW18W6Z/4P462ldprJtfxHxyKd2PY=
go.opentelemetry.io/otel/sdk v1.43.0 h1:pi5mE86i5rTeLXqoF/hhiBtUNcrAGHLKQdhg4h4V9Dg=
go.opentelemetry.io/otel/sdk v1.43.0/go.mod h1:P+IkVU3iWukmiit/Yf9AWvpyRDlUeBaRg6Y+C58QHzg=
go.opentelemetry.io/otel/sdk/metric v1.43.0 h1:S88dyqXjJkuBNLeMcVPRFXpRw2fuwdvfCGLEo89fDkw=
go.opentelemetry.io/otel/sdk/metric v1.43.0/go.mod h1:C/RJtwSEJ5hzTiUz5pXF1kILHStzb9zFlIEe85bhj6A=
go.opentelemetry.io/otel/trace v1.43.0 h1:BkNrHpup+4k4w+ZZ86CZoHHEkohws8AY+WTX09nk+3A=
go.opentelemetry.io/otel/trace v1.43.0/go.mod h1:/QJhyVBUUswCphDVxq+8mld+AvhXZLhe+8WVFxiFff0=
golang.org/x/net v0.52.0 h1:He/TN1l0e4mmR3QqHMT2Xab3Aj3L9qjbhRm78/6jrW0=
golang.org/x/net v0.52.0/go.mod h1:R1MAz7uMZxVMualyPXb+VaqGSa3LIaUqk0eEt3w36Sw=
golang.org/x/sys v0.42.0 h1:omrd2nAlyT5ESRdCLYdm3+fMfNFE/+Rf4bDIQImRJeo=
golang.org/x/sys v0.42.0/go.mod h1:4GL1E5IUh+htKOUEOaiffhrAeqysfVGipDYzABqnCmw=
golang.org/x/text v0.35.0 h1:JOVx6vVDFokkpaq1AEptVzLTpDe9KGpj5tR4/X+ybL8=
golang.org/x/text v0.35.0/go.mod h1:khi/HExzZJ2pGnjenulevKNX1W67CUy0AsXcNubPGCA=
gonum.org/v1/gonum v0.17.0 h1:VbpOemQlsSMrYmn7T2OUvQ4dqxQXU+ouZFQsZOx50z4=
gonum.org/v1/gonum v0.17.0/go.mod h1:El3tOrEuMpv2UdMrbNlKEh9vd86bmQ6vqIcDwxEOc1E=
google.golang.org/genproto/googleapis/api v0.0.0-20260427160629-7cedc36a6bc4 h1:yOzSCGPx+cp5VO7IxvZ9SBFF7j1tZVcNtlHR2iYKtVo=
google.golang.org/genproto/googleapis/api v0.0.0-20260427160629-7cedc36a6bc4/go.mod h1:Q9HWtNeE7tM9npdIsEvqXj1QJIvVoeAV3rtXtS715Cw=
google.golang.org/genproto/googleapis/rpc v0.0.0-20260427160629-7cedc36a6bc4 h1:tEkOQcXgF6dH1G+MVKZrfpYvozGrzb91k6ha7jireSM=
google.golang.org/genproto/googleapis/rpc v0.0.0-20260427160629-7cedc36a6bc4/go.mod h1:4Hqkh8ycfw05ld/3BWL7rJOSfebL2Q+DVDeRgYgxUU8=
google.golang.org/grpc v1.80.0 h1:Xr6m2WmWZLETvUNvIUmeD5OAagMw3FiKmMlTdViWsHM=
google.golang.org/grpc v1.80.0/go.mod h1:ho/dLnxwi3EDJA4Zghp7k2Ec1+c2jqup0bFkw07bwF4=
google.golang.org/protobuf v1.36.11 h1:fV6ZwhNocDyBLK0dj+fg8ektcVegBBuEolpbTQyBNVE=
google.golang.org/protobuf v1.36.11/go.mod h1:HTf+CrKn2C3g5S8VImy6tdcUvCska2kB7j23XfzDpco=
